// !$*UTF8*$!
{
	archiveVersion = 1;
	classes = {
	};
	objectVersion = 46;
	objects = {

/* Begin PBXBuildFile section */
		2B7F7DEC1B5580A100489FE5 /* AppDelegate.m in Sources */ = {isa = PBXBuildFile; fileRef = 2B7F79CB1B55809E00489FE5 /* AppDelegate.m */; };
		2B7F80AD1B5580A100489FE5 /* MFMailComposeViewController+StatusBar.m in Sources */ = {isa = PBXBuildFile; fileRef = 2B7F7DA41B5580A000489FE5 /* MFMailComposeViewController+StatusBar.m */; };
		2B7F80BB1B5580A100489FE5 /* main.m in Sources */ = {isa = PBXBuildFile; fileRef = 2B7F7DB61B5580A000489FE5 /* main.m */; };
		2B7F80BD1B5580A100489FE5 /* SSAPIClient.m in Sources */ = {isa = PBXBuildFile; fileRef = 2B7F7DBB1B5580A000489FE5 /* SSAPIClient.m */; };
		2B7F80BE1B5580A100489FE5 /* SSDashboard.m in Sources */ = {isa = PBXBuildFile; fileRef = 2B7F7DBD1B5580A000489FE5 /* SSDashboard.m */; };
		2B7F80BF1B5580A100489FE5 /* SSEvent.m in Sources */ = {isa = PBXBuildFile; fileRef = 2B7F7DBF1B5580A000489FE5 /* SSEvent.m */; };
		2B7F80C01B5580A100489FE5 /* SSLocation.m in Sources */ = {isa = PBXBuildFile; fileRef = 2B7F7DC11B5580A000489FE5 /* SSLocation.m */; };
		2B7F80C11B5580A100489FE5 /* SSUser.m in Sources */ = {isa = PBXBuildFile; fileRef = 2B7F7DC31B5580A000489FE5 /* SSUser.m */; };
		2B7F80C21B5580A100489FE5 /* SSUserManager.m in Sources */ = {isa = PBXBuildFile; fileRef = 2B7F7DC51B5580A000489FE5 /* SSUserManager.m */; };
		2B7F80C51B5580A100489FE5 /* EventsTableViewCell.m in Sources */ = {isa = PBXBuildFile; fileRef = 2B7F7DCB1B5580A000489FE5 /* EventsTableViewCell.m */; };
		2B7F80C71B5580A100489FE5 /* AccountViewController.m in Sources */ = {isa = PBXBuildFile; fileRef = 2B7F7DD01B5580A100489FE5 /* AccountViewController.m */; };
		2B7F80C81B5580A100489FE5 /* DashboardViewController.m in Sources */ = {isa = PBXBuildFile; fileRef = 2B7F7DD21B5580A100489FE5 /* DashboardViewController.m */; };
		2B7F80C91B5580A100489FE5 /* EventsListViewController.m in Sources */ = {isa = PBXBuildFile; fileRef = 2B7F7DD41B5580A100489FE5 /* EventsListViewController.m */; };
		2B7F80CA1B5580A100489FE5 /* LocationsListViewController.m in Sources */ = {isa = PBXBuildFile; fileRef = 2B7F7DD61B5580A100489FE5 /* LocationsListViewController.m */; };
		2B7F80CB1B5580A100489FE5 /* LoginViewController.m in Sources */ = {isa = PBXBuildFile; fileRef = 2B7F7DD81B5580A100489FE5 /* LoginViewController.m */; };
		2B7F80CD1B5580A100489FE5 /* AlarmButtonsView.m in Sources */ = {isa = PBXBuildFile; fileRef = 2B7F7DDD1B5580A100489FE5 /* AlarmButtonsView.m */; };
		2B7F80F71B55820300489FE5 /* EventLogViewController.m in Sources */ = {isa = PBXBuildFile; fileRef = 2B7F80F41B55820300489FE5 /* EventLogViewController.m */; };
		2B7F81011B55821900489FE5 /* GlossyButton.m in Sources */ = {isa = PBXBuildFile; fileRef = 2B7F80FD1B55821900489FE5 /* GlossyButton.m */; };
		2B7F81021B55821900489FE5 /* UIButton+Glossy.m in Sources */ = {isa = PBXBuildFile; fileRef = 2B7F80FF1B55821900489FE5 /* UIButton+Glossy.m */; };
		2B7F81041B5582C800489FE5 /* EasySafe-Prefix.pch in Resources */ = {isa = PBXBuildFile; fileRef = 2B7F7DC81B5580A000489FE5 /* EasySafe-Prefix.pch */; };
		2B7F81061B5582C800489FE5 /* Constants.h in Resources */ = {isa = PBXBuildFile; fileRef = 2B7F7DA61B5580A000489FE5 /* Constants.h */; };
		2B7F81071B5582C800489FE5 /* InfoPlist.strings in Resources */ = {isa = PBXBuildFile; fileRef = 2B7F7DAD1B5580A000489FE5 /* InfoPlist.strings */; };
		2BD739BC1B55864E00E462BE /* Main.storyboard in Resources */ = {isa = PBXBuildFile; fileRef = 2B7F7D9E1B5580A000489FE5 /* Main.storyboard */; };
		2BD739BF1B55870F00E462BE /* click.aif in Resources */ = {isa = PBXBuildFile; fileRef = 2BD739BE1B55870F00E462BE /* click.aif */; };
		2BD739C51B55873000E462BE /* btn_away_blue@2x.png in Resources */ = {isa = PBXBuildFile; fileRef = 2B7F7D831B5580A000489FE5 /* btn_away_blue@2x.png */; };
		2BD739C61B55873000E462BE /* btn_away_gray@2x.png in Resources */ = {isa = PBXBuildFile; fileRef = 2B7F7D841B5580A000489FE5 /* btn_away_gray@2x.png */; };
		2BD739C71B55873000E462BE /* btn_home_blue@2x.png in Resources */ = {isa = PBXBuildFile; fileRef = 2B7F7D851B5580A000489FE5 /* btn_home_blue@2x.png */; };
		2BD739C81B55873000E462BE /* btn_home_gray@2x.png in Resources */ = {isa = PBXBuildFile; fileRef = 2B7F7D861B5580A000489FE5 /* btn_home_gray@2x.png */; };
		2BD739C91B55873000E462BE /* btn_unlocked_blue@2x.png in Resources */ = {isa = PBXBuildFile; fileRef = 2B7F7D871B5580A000489FE5 /* btn_unlocked_blue@2x.png */; };
		2BD739CA1B55873000E462BE /* btn_unlocked_gray@2x.png in Resources */ = {isa = PBXBuildFile; fileRef = 2B7F7D881B5580A000489FE5 /* btn_unlocked_gray@2x.png */; };
		2BD739CB1B55873000E462BE /* account@2x.png in Resources */ = {isa = PBXBuildFile; fileRef = 2B7F7D8B1B5580A000489FE5 /* account@2x.png */; };
		2BD739CC1B55873000E462BE /* alarm@2x.png in Resources */ = {isa = PBXBuildFile; fileRef = 2B7F7D8C1B5580A000489FE5 /* alarm@2x.png */; };
		2BD739CD1B55873000E462BE /* calendar@2x.png in Resources */ = {isa = PBXBuildFile; fileRef = 2B7F7D8D1B5580A000489FE5 /* calendar@2x.png */; };
		2BD739CE1B55873000E462BE /* fire@2x.png in Resources */ = {isa = PBXBuildFile; fileRef = 2B7F7D8E1B5580A000489FE5 /* fire@2x.png */; };
		2BD739CF1B55873000E462BE /* gasmask@2x.png in Resources */ = {isa = PBXBuildFile; fileRef = 2B7F7D8F1B5580A000489FE5 /* gasmask@2x.png */; };
		2BD739D01B55873000E462BE /* temperature@2x.png in Resources */ = {isa = PBXBuildFile; fileRef = 2B7F7D911B5580A000489FE5 /* temperature@2x.png */; };
		2BD739D11B55873000E462BE /* water@2x.png in Resources */ = {isa = PBXBuildFile; fileRef = 2B7F7D921B5580A000489FE5 /* water@2x.png */; };
		2BD739D51B55873000E462BE /* Launch_640_1136.png in Resources */ = {isa = PBXBuildFile; fileRef = 2B7F7D971B5580A000489FE5 /* Launch_640_1136.png */; };
		2BD739D71B55873100E462BE /* house_icon@2x.png in Resources */ = {isa = PBXBuildFile; fileRef = 2B7F7D9A1B5580A000489FE5 /* house_icon@2x.png */; };
		2BD739D81B55873100E462BE /* location@2x.png in Resources */ = {isa = PBXBuildFile; fileRef = 2B7F7D9B1B5580A000489FE5 /* location@2x.png */; };
		2BD739D91B55873100E462BE /* logout@2x.png in Resources */ = {isa = PBXBuildFile; fileRef = 2B7F7D9C1B5580A000489FE5 /* logout@2x.png */; };
		2BD739DB1B55893000E462BE /* icon2048.png in Resources */ = {isa = PBXBuildFile; fileRef = 2BD739DA1B55893000E462BE /* icon2048.png */; };
		2BD739DD1B55894B00E462BE /* Media.xcassets in Resources */ = {isa = PBXBuildFile; fileRef = 2BD739DC1B55894B00E462BE /* Media.xcassets */; };
		2BE183B01971A5DA00EE9DD7 /* Foundation.framework in Frameworks */ = {isa = PBXBuildFile; fileRef = 2BE183AF1971A5DA00EE9DD7 /* Foundation.framework */; };
		2BE183B21971A5DA00EE9DD7 /* CoreGraphics.framework in Frameworks */ = {isa = PBXBuildFile; fileRef = 2BE183B11971A5DA00EE9DD7 /* CoreGraphics.framework */; };
		2BE183B41971A5DA00EE9DD7 /* UIKit.framework in Frameworks */ = {isa = PBXBuildFile; fileRef = 2BE183B31971A5DA00EE9DD7 /* UIKit.framework */; };
		E9F25F6B2A32443199ACFE26 /* libPods.a in Frameworks */ = {isa = PBXBuildFile; fileRef = C76C717EB36F4E52A2B6940E /* libPods.a */; };
/* End PBXBuildFile section */

/* Begin PBXFileReference section */
		2B7F79CA1B55809E00489FE5 /* AppDelegate.h */ = {isa = PBXFileReference; fileEncoding = 4; lastKnownFileType = sourcecode.c.h; path = AppDelegate.h; sourceTree = "<group>"; };
		2B7F79CB1B55809E00489FE5 /* AppDelegate.m */ = {isa = PBXFileReference; fileEncoding = 4; lastKnownFileType = sourcecode.c.objc; path = AppDelegate.m; sourceTree = "<group>"; };
		2B7F7D831B5580A000489FE5 /* btn_away_blue@2x.png */ = {isa = PBXFileReference; lastKnownFileType = image.png; path = "btn_away_blue@2x.png"; sourceTree = "<group>"; };
		2B7F7D841B5580A000489FE5 /* btn_away_gray@2x.png */ = {isa = PBXFileReference; lastKnownFileType = image.png; path = "btn_away_gray@2x.png"; sourceTree = "<group>"; };
		2B7F7D851B5580A000489FE5 /* btn_home_blue@2x.png */ = {isa = PBXFileReference; lastKnownFileType = image.png; path = "btn_home_blue@2x.png"; sourceTree = "<group>"; };
		2B7F7D861B5580A000489FE5 /* btn_home_gray@2x.png */ = {isa = PBXFileReference; lastKnownFileType = image.png; path = "btn_home_gray@2x.png"; sourceTree = "<group>"; };
		2B7F7D871B5580A000489FE5 /* btn_unlocked_blue@2x.png */ = {isa = PBXFileReference; lastKnownFileType = image.png; path = "btn_unlocked_blue@2x.png"; sourceTree = "<group>"; };
		2B7F7D881B5580A000489FE5 /* btn_unlocked_gray@2x.png */ = {isa = PBXFileReference; lastKnownFileType = image.png; path = "btn_unlocked_gray@2x.png"; sourceTree = "<group>"; };
		2B7F7D891B5580A000489FE5 /* button.psd */ = {isa = PBXFileReference; lastKnownFileType = file; path = button.psd; sourceTree = "<group>"; };
		2B7F7D8B1B5580A000489FE5 /* account@2x.png */ = {isa = PBXFileReference; lastKnownFileType = image.png; path = "account@2x.png"; sourceTree = "<group>"; };
		2B7F7D8C1B5580A000489FE5 /* alarm@2x.png */ = {isa = PBXFileReference; lastKnownFileType = image.png; path = "alarm@2x.png"; sourceTree = "<group>"; };
		2B7F7D8D1B5580A000489FE5 /* calendar@2x.png */ = {isa = PBXFileReference; lastKnownFileType = image.png; path = "calendar@2x.png"; sourceTree = "<group>"; };
		2B7F7D8E1B5580A000489FE5 /* fire@2x.png */ = {isa = PBXFileReference; lastKnownFileType = image.png; path = "fire@2x.png"; sourceTree = "<group>"; };
		2B7F7D8F1B5580A000489FE5 /* gasmask@2x.png */ = {isa = PBXFileReference; lastKnownFileType = image.png; path = "gasmask@2x.png"; sourceTree = "<group>"; };
		2B7F7D901B5580A000489FE5 /* icons.psd */ = {isa = PBXFileReference; lastKnownFileType = file; path = icons.psd; sourceTree = "<group>"; };
		2B7F7D911B5580A000489FE5 /* temperature@2x.png */ = {isa = PBXFileReference; lastKnownFileType = image.png; path = "temperature@2x.png"; sourceTree = "<group>"; };
		2B7F7D921B5580A000489FE5 /* water@2x.png */ = {isa = PBXFileReference; lastKnownFileType = image.png; path = "water@2x.png"; sourceTree = "<group>"; };
		2B7F7D971B5580A000489FE5 /* Launch_640_1136.png */ = {isa = PBXFileReference; lastKnownFileType = image.png; path = Launch_640_1136.png; sourceTree = "<group>"; };
		2B7F7D9A1B5580A000489FE5 /* house_icon@2x.png */ = {isa = PBXFileReference; lastKnownFileType = image.png; path = "house_icon@2x.png"; sourceTree = "<group>"; };
		2B7F7D9B1B5580A000489FE5 /* location@2x.png */ = {isa = PBXFileReference; lastKnownFileType = image.png; path = "location@2x.png"; sourceTree = "<group>"; };
		2B7F7D9C1B5580A000489FE5 /* logout@2x.png */ = {isa = PBXFileReference; lastKnownFileType = image.png; path = "logout@2x.png"; sourceTree = "<group>"; };
		2B7F7D9F1B5580A000489FE5 /* Base */ = {isa = PBXFileReference; lastKnownFileType = file.storyboard; name = Base; path = Base.lproj/Main.storyboard; sourceTree = "<group>"; };
		2B7F7DA31B5580A000489FE5 /* MFMailComposeViewController+StatusBar.h */ = {isa = PBXFileReference; fileEncoding = 4; lastKnownFileType = sourcecode.c.h; path = "MFMailComposeViewController+StatusBar.h"; sourceTree = "<group>"; };
		2B7F7DA41B5580A000489FE5 /* MFMailComposeViewController+StatusBar.m */ = {isa = PBXFileReference; fileEncoding = 4; lastKnownFileType = sourcecode.c.objc; path = "MFMailComposeViewController+StatusBar.m"; sourceTree = "<group>"; };
		2B7F7DA61B5580A000489FE5 /* Constants.h */ = {isa = PBXFileReference; fileEncoding = 4; lastKnownFileType = sourcecode.c.h; path = Constants.h; sourceTree = "<group>"; };
		2B7F7DAE1B5580A000489FE5 /* en */ = {isa = PBXFileReference; lastKnownFileType = text.plist.strings; name = en; path = en.lproj/InfoPlist.strings; sourceTree = "<group>"; };
		2B7F7DB61B5580A000489FE5 /* main.m */ = {isa = PBXFileReference; fileEncoding = 4; lastKnownFileType = sourcecode.c.objc; path = main.m; sourceTree = "<group>"; };
		2B7F7DBA1B5580A000489FE5 /* SSAPIClient.h */ = {isa = PBXFileReference; fileEncoding = 4; lastKnownFileType = sourcecode.c.h; path = SSAPIClient.h; sourceTree = "<group>"; };
		2B7F7DBB1B5580A000489FE5 /* SSAPIClient.m */ = {isa = PBXFileReference; fileEncoding = 4; lastKnownFileType = sourcecode.c.objc; path = SSAPIClient.m; sourceTree = "<group>"; };
		2B7F7DBC1B5580A000489FE5 /* SSDashboard.h */ = {isa = PBXFileReference; fileEncoding = 4; lastKnownFileType = sourcecode.c.h; path = SSDashboard.h; sourceTree = "<group>"; };
		2B7F7DBD1B5580A000489FE5 /* SSDashboard.m */ = {isa = PBXFileReference; fileEncoding = 4; lastKnownFileType = sourcecode.c.objc; path = SSDashboard.m; sourceTree = "<group>"; };
		2B7F7DBE1B5580A000489FE5 /* SSEvent.h */ = {isa = PBXFileReference; fileEncoding = 4; lastKnownFileType = sourcecode.c.h; path = SSEvent.h; sourceTree = "<group>"; };
		2B7F7DBF1B5580A000489FE5 /* SSEvent.m */ = {isa = PBXFileReference; fileEncoding = 4; lastKnownFileType = sourcecode.c.objc; path = SSEvent.m; sourceTree = "<group>"; };
		2B7F7DC01B5580A000489FE5 /* SSLocation.h */ = {isa = PBXFileReference; fileEncoding = 4; lastKnownFileType = sourcecode.c.h; path = SSLocation.h; sourceTree = "<group>"; };
		2B7F7DC11B5580A000489FE5 /* SSLocation.m */ = {isa = PBXFileReference; fileEncoding = 4; lastKnownFileType = sourcecode.c.objc; path = SSLocation.m; sourceTree = "<group>"; };
		2B7F7DC21B5580A000489FE5 /* SSUser.h */ = {isa = PBXFileReference; fileEncoding = 4; lastKnownFileType = sourcecode.c.h; path = SSUser.h; sourceTree = "<group>"; };
		2B7F7DC31B5580A000489FE5 /* SSUser.m */ = {isa = PBXFileReference; fileEncoding = 4; lastKnownFileType = sourcecode.c.objc; path = SSUser.m; sourceTree = "<group>"; };
		2B7F7DC41B5580A000489FE5 /* SSUserManager.h */ = {isa = PBXFileReference; fileEncoding = 4; lastKnownFileType = sourcecode.c.h; path = SSUserManager.h; sourceTree = "<group>"; };
		2B7F7DC51B5580A000489FE5 /* SSUserManager.m */ = {isa = PBXFileReference; fileEncoding = 4; lastKnownFileType = sourcecode.c.objc; path = SSUserManager.m; sourceTree = "<group>"; };
		2B7F7DC61B5580A000489FE5 /* Settings.bundle */ = {isa = PBXFileReference; lastKnownFileType = "wrapper.plug-in"; path = Settings.bundle; sourceTree = "<group>"; };
		2B7F7DC71B5580A000489FE5 /* EasySafe-Info.plist */ = {isa = PBXFileReference; fileEncoding = 4; lastKnownFileType = text.plist.xml; path = "EasySafe-Info.plist"; sourceTree = "<group>"; };
		2B7F7DC81B5580A000489FE5 /* EasySafe-Prefix.pch */ = {isa = PBXFileReference; fileEncoding = 4; lastKnownFileType = sourcecode.c.h; path = "EasySafe-Prefix.pch"; sourceTree = "<group>"; };
		2B7F7DCA1B5580A000489FE5 /* EventsTableViewCell.h */ = {isa = PBXFileReference; fileEncoding = 4; lastKnownFileType = sourcecode.c.h; path = EventsTableViewCell.h; sourceTree = "<group>"; };
		2B7F7DCB1B5580A000489FE5 /* EventsTableViewCell.m */ = {isa = PBXFileReference; fileEncoding = 4; lastKnownFileType = sourcecode.c.objc; path = EventsTableViewCell.m; sourceTree = "<group>"; };
		2B7F7DCF1B5580A100489FE5 /* AccountViewController.h */ = {isa = PBXFileReference; fileEncoding = 4; lastKnownFileType = sourcecode.c.h; path = AccountViewController.h; sourceTree = "<group>"; };
		2B7F7DD01B5580A100489FE5 /* AccountViewController.m */ = {isa = PBXFileReference; fileEncoding = 4; lastKnownFileType = sourcecode.c.objc; path = AccountViewController.m; sourceTree = "<group>"; };
		2B7F7DD11B5580A100489FE5 /* DashboardViewController.h */ = {isa = PBXFileReference; fileEncoding = 4; lastKnownFileType = sourcecode.c.h; path = DashboardViewController.h; sourceTree = "<group>"; };
		2B7F7DD21B5580A100489FE5 /* DashboardViewController.m */ = {isa = PBXFileReference; fileEncoding = 4; lastKnownFileType = sourcecode.c.objc; path = DashboardViewController.m; sourceTree = "<group>"; };
		2B7F7DD31B5580A100489FE5 /* EventsListViewController.h */ = {isa = PBXFileReference; fileEncoding = 4; lastKnownFileType = sourcecode.c.h; path = EventsListViewController.h; sourceTree = "<group>"; };
		2B7F7DD41B5580A100489FE5 /* EventsListViewController.m */ = {isa = PBXFileReference; fileEncoding = 4; lastKnownFileType = sourcecode.c.objc; path = EventsListViewController.m; sourceTree = "<group>"; };
		2B7F7DD51B5580A100489FE5 /* LocationsListViewController.h */ = {isa = PBXFileReference; fileEncoding = 4; lastKnownFileType = sourcecode.c.h; path = LocationsListViewController.h; sourceTree = "<group>"; };
		2B7F7DD61B5580A100489FE5 /* LocationsListViewController.m */ = {isa = PBXFileReference; fileEncoding = 4; lastKnownFileType = sourcecode.c.objc; path = LocationsListViewController.m; sourceTree = "<group>"; };
		2B7F7DD71B5580A100489FE5 /* LoginViewController.h */ = {isa = PBXFileReference; fileEncoding = 4; lastKnownFileType = sourcecode.c.h; path = LoginViewController.h; sourceTree = "<group>"; };
		2B7F7DD81B5580A100489FE5 /* LoginViewController.m */ = {isa = PBXFileReference; fileEncoding = 4; lastKnownFileType = sourcecode.c.objc; path = LoginViewController.m; sourceTree = "<group>"; };
		2B7F7DDC1B5580A100489FE5 /* AlarmButtonsView.h */ = {isa = PBXFileReference; fileEncoding = 4; lastKnownFileType = sourcecode.c.h; path = AlarmButtonsView.h; sourceTree = "<group>"; };
		2B7F7DDD1B5580A100489FE5 /* AlarmButtonsView.m */ = {isa = PBXFileReference; fileEncoding = 4; lastKnownFileType = sourcecode.c.objc; path = AlarmButtonsView.m; sourceTree = "<group>"; };
		2B7F80F31B55820300489FE5 /* EventLogViewController.h */ = {isa = PBXFileReference; fileEncoding = 4; lastKnownFileType = sourcecode.c.h; path = EventLogViewController.h; sourceTree = "<group>"; };
		2B7F80F41B55820300489FE5 /* EventLogViewController.m */ = {isa = PBXFileReference; fileEncoding = 4; lastKnownFileType = sourcecode.c.objc; path = EventLogViewController.m; sourceTree = "<group>"; };
		2B7F80FA1B55821900489FE5 /* AlarmButtonsView.h */ = {isa = PBXFileReference; fileEncoding = 4; lastKnownFileType = sourcecode.c.h; path = AlarmButtonsView.h; sourceTree = "<group>"; };
		2B7F80FB1B55821900489FE5 /* AlarmButtonsView.m */ = {isa = PBXFileReference; fileEncoding = 4; lastKnownFileType = sourcecode.c.objc; path = AlarmButtonsView.m; sourceTree = "<group>"; };
		2B7F80FC1B55821900489FE5 /* GlossyButton.h */ = {isa = PBXFileReference; fileEncoding = 4; lastKnownFileType = sourcecode.c.h; path = GlossyButton.h; sourceTree = "<group>"; };
		2B7F80FD1B55821900489FE5 /* GlossyButton.m */ = {isa = PBXFileReference; fileEncoding = 4; lastKnownFileType = sourcecode.c.objc; path = GlossyButton.m; sourceTree = "<group>"; };
		2B7F80FE1B55821900489FE5 /* UIButton+Glossy.h */ = {isa = PBXFileReference; fileEncoding = 4; lastKnownFileType = sourcecode.c.h; path = "UIButton+Glossy.h"; sourceTree = "<group>"; };
		2B7F80FF1B55821900489FE5 /* UIButton+Glossy.m */ = {isa = PBXFileReference; fileEncoding = 4; lastKnownFileType = sourcecode.c.objc; path = "UIButton+Glossy.m"; sourceTree = "<group>"; };
		2BD739BE1B55870F00E462BE /* click.aif */ = {isa = PBXFileReference; lastKnownFileType = file; path = click.aif; sourceTree = "<group>"; };
		2BD739DA1B55893000E462BE /* icon2048.png */ = {isa = PBXFileReference; lastKnownFileType = image.png; path = icon2048.png; sourceTree = "<group>"; };
		2BD739DC1B55894B00E462BE /* Media.xcassets */ = {isa = PBXFileReference; lastKnownFileType = folder.assetcatalog; path = Media.xcassets; sourceTree = "<group>"; };
		2BE183AC1971A5DA00EE9DD7 /* EasySafe.app */ = {isa = PBXFileReference; explicitFileType = wrapper.application; includeInIndex = 0; path = EasySafe.app; sourceTree = BUILT_PRODUCTS_DIR; };
		2BE183AF1971A5DA00EE9DD7 /* Foundation.framework */ = {isa = PBXFileReference; lastKnownFileType = wrapper.framework; name = Foundation.framework; path = System/Library/Frameworks/Foundation.framework; sourceTree = SDKROOT; };
		2BE183B11971A5DA00EE9DD7 /* CoreGraphics.framework */ = {isa = PBXFileReference; lastKnownFileType = wrapper.framework; name = CoreGraphics.framework; path = System/Library/Frameworks/CoreGraphics.framework; sourceTree = SDKROOT; };
		2BE183B31971A5DA00EE9DD7 /* UIKit.framework */ = {isa = PBXFileReference; lastKnownFileType = wrapper.framework; name = UIKit.framework; path = System/Library/Frameworks/UIKit.framework; sourceTree = SDKROOT; };
		2BE183CE1971A5DA00EE9DD7 /* XCTest.framework */ = {isa = PBXFileReference; lastKnownFileType = wrapper.framework; name = XCTest.framework; path = Library/Frameworks/XCTest.framework; sourceTree = DEVELOPER_DIR; };
		2BFAAAC71984188C0021DDB9 /* todo.txt */ = {isa = PBXFileReference; fileEncoding = 4; lastKnownFileType = text; path = todo.txt; sourceTree = "<group>"; };
		39DC6320747C7E92F19B8619 /* Pods.debug.xcconfig */ = {isa = PBXFileReference; includeInIndex = 1; lastKnownFileType = text.xcconfig; name = Pods.debug.xcconfig; path = "Pods/Target Support Files/Pods/Pods.debug.xcconfig"; sourceTree = "<group>"; };
		4A5B9DA7956BE14AD7A3EEBA /* Pods.release.xcconfig */ = {isa = PBXFileReference; includeInIndex = 1; lastKnownFileType = text.xcconfig; name = Pods.release.xcconfig; path = "Pods/Target Support Files/Pods/Pods.release.xcconfig"; sourceTree = "<group>"; };
		C76C717EB36F4E52A2B6940E /* libPods.a */ = {isa = PBXFileReference; explicitFileType = archive.ar; includeInIndex = 0; path = libPods.a; sourceTree = BUILT_PRODUCTS_DIR; };
/* End PBXFileReference section */

/* Begin PBXFrameworksBuildPhase section */
		2BE183A91971A5DA00EE9DD7 /* Frameworks */ = {
			isa = PBXFrameworksBuildPhase;
			buildActionMask = 2147483647;
			files = (
				2BE183B21971A5DA00EE9DD7 /* CoreGraphics.framework in Frameworks */,
				2BE183B41971A5DA00EE9DD7 /* UIKit.framework in Frameworks */,
				2BE183B01971A5DA00EE9DD7 /* Foundation.framework in Frameworks */,
				E9F25F6B2A32443199ACFE26 /* libPods.a in Frameworks */,
			);
			runOnlyForDeploymentPostprocessing = 0;
		};
/* End PBXFrameworksBuildPhase section */

/* Begin PBXGroup section */
		2B7F79AF1B55809E00489FE5 /* EasySafe */ = {
			isa = PBXGroup;
			children = (
				2B7F81031B55822B00489FE5 /* Supporting Files */,
				2B7F80F91B55821900489FE5 /* Views */,
				2B7F79CA1B55809E00489FE5 /* AppDelegate.h */,
				2B7F79CB1B55809E00489FE5 /* AppDelegate.m */,
				2B7F79CC1B55809E00489FE5 /* Assets */,
				2B7F7D9E1B5580A000489FE5 /* Main.storyboard */,
				2B7F7DA21B5580A000489FE5 /* Categories */,
				2B7F7DB61B5580A000489FE5 /* main.m */,
				2B7F7DB91B5580A000489FE5 /* Models */,
				2B7F7DC91B5580A000489FE5 /* Table View Cells */,
				2B7F7DCE1B5580A000489FE5 /* View Controllers */,
				2B7F7DDB1B5580A100489FE5 /* Views */,
			);
			path = EasySafe;
			sourceTree = "<group>";
		};
		2B7F79CC1B55809E00489FE5 /* Assets */ = {
			isa = PBXGroup;
			children = (
				2BD739BD1B55870F00E462BE /* Sounds */,
				2B7F79CD1B55809E00489FE5 /* App Icons */,
				2B7F7D821B55809F00489FE5 /* Buttons */,
				2B7F7D8A1B5580A000489FE5 /* Cell Icons */,
				2B7F7D931B5580A000489FE5 /* Launch Screens */,
				2B7F7D991B5580A000489FE5 /* Nav Icons */,
				2B7F7D9D1B5580A000489FE5 /* Tab Bar Icons */,
			);
			path = Assets;
			sourceTree = "<group>";
		};
		2B7F79CD1B55809E00489FE5 /* App Icons */ = {
			isa = PBXGroup;
			children = (
				2BD739DA1B55893000E462BE /* icon2048.png */,
			);
			path = "App Icons";
			sourceTree = "<group>";
		};
		2B7F7D821B55809F00489FE5 /* Buttons */ = {
			isa = PBXGroup;
			children = (
				2B7F7D831B5580A000489FE5 /* btn_away_blue@2x.png */,
				2B7F7D841B5580A000489FE5 /* btn_away_gray@2x.png */,
				2B7F7D851B5580A000489FE5 /* btn_home_blue@2x.png */,
				2B7F7D861B5580A000489FE5 /* btn_home_gray@2x.png */,
				2B7F7D871B5580A000489FE5 /* btn_unlocked_blue@2x.png */,
				2B7F7D881B5580A000489FE5 /* btn_unlocked_gray@2x.png */,
				2B7F7D891B5580A000489FE5 /* button.psd */,
			);
			path = Buttons;
			sourceTree = "<group>";
		};
		2B7F7D8A1B5580A000489FE5 /* Cell Icons */ = {
			isa = PBXGroup;
			children = (
				2B7F7D8B1B5580A000489FE5 /* account@2x.png */,
				2B7F7D8C1B5580A000489FE5 /* alarm@2x.png */,
				2B7F7D8D1B5580A000489FE5 /* calendar@2x.png */,
				2B7F7D8E1B5580A000489FE5 /* fire@2x.png */,
				2B7F7D8F1B5580A000489FE5 /* gasmask@2x.png */,
				2B7F7D901B5580A000489FE5 /* icons.psd */,
				2B7F7D911B5580A000489FE5 /* temperature@2x.png */,
				2B7F7D921B5580A000489FE5 /* water@2x.png */,
			);
			path = "Cell Icons";
			sourceTree = "<group>";
		};
		2B7F7D931B5580A000489FE5 /* Launch Screens */ = {
			isa = PBXGroup;
			children = (
				2B7F7D971B5580A000489FE5 /* Launch_640_1136.png */,
			);
			path = "Launch Screens";
			sourceTree = "<group>";
		};
		2B7F7D991B5580A000489FE5 /* Nav Icons */ = {
			isa = PBXGroup;
			children = (
				2B7F7D9A1B5580A000489FE5 /* house_icon@2x.png */,
				2B7F7D9B1B5580A000489FE5 /* location@2x.png */,
				2B7F7D9C1B5580A000489FE5 /* logout@2x.png */,
			);
			path = "Nav Icons";
			sourceTree = "<group>";
		};
		2B7F7D9D1B5580A000489FE5 /* Tab Bar Icons */ = {
			isa = PBXGroup;
			children = (
			);
			path = "Tab Bar Icons";
			sourceTree = "<group>";
		};
		2B7F7DA21B5580A000489FE5 /* Categories */ = {
			isa = PBXGroup;
			children = (
				2B7F7DA31B5580A000489FE5 /* MFMailComposeViewController+StatusBar.h */,
				2B7F7DA41B5580A000489FE5 /* MFMailComposeViewController+StatusBar.m */,
			);
			path = Categories;
			sourceTree = "<group>";
		};
		2B7F7DB91B5580A000489FE5 /* Models */ = {
			isa = PBXGroup;
			children = (
				2B7F7DBA1B5580A000489FE5 /* SSAPIClient.h */,
				2B7F7DBB1B5580A000489FE5 /* SSAPIClient.m */,
				2B7F7DBC1B5580A000489FE5 /* SSDashboard.h */,
				2B7F7DBD1B5580A000489FE5 /* SSDashboard.m */,
				2B7F7DBE1B5580A000489FE5 /* SSEvent.h */,
				2B7F7DBF1B5580A000489FE5 /* SSEvent.m */,
				2B7F7DC01B5580A000489FE5 /* SSLocation.h */,
				2B7F7DC11B5580A000489FE5 /* SSLocation.m */,
				2B7F7DC21B5580A000489FE5 /* SSUser.h */,
				2B7F7DC31B5580A000489FE5 /* SSUser.m */,
				2B7F7DC41B5580A000489FE5 /* SSUserManager.h */,
				2B7F7DC51B5580A000489FE5 /* SSUserManager.m */,
			);
			path = Models;
			sourceTree = "<group>";
		};
		2B7F7DC91B5580A000489FE5 /* Table View Cells */ = {
			isa = PBXGroup;
			children = (
				2B7F7DCA1B5580A000489FE5 /* EventsTableViewCell.h */,
				2B7F7DCB1B5580A000489FE5 /* EventsTableViewCell.m */,
			);
			path = "Table View Cells";
			sourceTree = "<group>";
		};
		2B7F7DCE1B5580A000489FE5 /* View Controllers */ = {
			isa = PBXGroup;
			children = (
				2B7F80F31B55820300489FE5 /* EventLogViewController.h */,
				2B7F80F41B55820300489FE5 /* EventLogViewController.m */,
				2B7F7DCF1B5580A100489FE5 /* AccountViewController.h */,
				2B7F7DD01B5580A100489FE5 /* AccountViewController.m */,
				2B7F7DD11B5580A100489FE5 /* DashboardViewController.h */,
				2B7F7DD21B5580A100489FE5 /* DashboardViewController.m */,
				2B7F7DD31B5580A100489FE5 /* EventsListViewController.h */,
				2B7F7DD41B5580A100489FE5 /* EventsListViewController.m */,
				2B7F7DD51B5580A100489FE5 /* LocationsListViewController.h */,
				2B7F7DD61B5580A100489FE5 /* LocationsListViewController.m */,
				2B7F7DD71B5580A100489FE5 /* LoginViewController.h */,
				2B7F7DD81B5580A100489FE5 /* LoginViewController.m */,
			);
			path = "View Controllers";
			sourceTree = "<group>";
		};
		2B7F7DDB1B5580A100489FE5 /* Views */ = {
			isa = PBXGroup;
			children = (
				2B7F7DDC1B5580A100489FE5 /* AlarmButtonsView.h */,
				2B7F7DDD1B5580A100489FE5 /* AlarmButtonsView.m */,
			);
			path = Views;
			sourceTree = "<group>";
		};
		2B7F80F91B55821900489FE5 /* Views */ = {
			isa = PBXGroup;
			children = (
				2B7F80FA1B55821900489FE5 /* AlarmButtonsView.h */,
				2B7F80FB1B55821900489FE5 /* AlarmButtonsView.m */,
				2B7F80FC1B55821900489FE5 /* GlossyButton.h */,
				2B7F80FD1B55821900489FE5 /* GlossyButton.m */,
				2B7F80FE1B55821900489FE5 /* UIButton+Glossy.h */,
				2B7F80FF1B55821900489FE5 /* UIButton+Glossy.m */,
			);
			path = Views;
			sourceTree = "<group>";
		};
		2B7F81031B55822B00489FE5 /* Supporting Files */ = {
			isa = PBXGroup;
			children = (
				2BD739DC1B55894B00E462BE /* Media.xcassets */,
				2B7F7DC61B5580A000489FE5 /* Settings.bundle */,
				2B7F7DC81B5580A000489FE5 /* EasySafe-Prefix.pch */,
				2B7F7DC71B5580A000489FE5 /* EasySafe-Info.plist */,
				2B7F7DA61B5580A000489FE5 /* Constants.h */,
				2B7F7DAD1B5580A000489FE5 /* InfoPlist.strings */,
			);
			name = "Supporting Files";
			sourceTree = "<group>";
		};
		2BD739BD1B55870F00E462BE /* Sounds */ = {
			isa = PBXGroup;
			children = (
				2BD739BE1B55870F00E462BE /* click.aif */,
			);
			path = Sounds;
			sourceTree = "<group>";
		};
		2BE183A31971A5DA00EE9DD7 = {
			isa = PBXGroup;
			children = (
				2B7F79AF1B55809E00489FE5 /* EasySafe */,
				2BFAAAC71984188C0021DDB9 /* todo.txt */,
				2BE183AE1971A5DA00EE9DD7 /* Frameworks */,
				2BE183AD1971A5DA00EE9DD7 /* Products */,
				ADA53E987DE3679D5076B5D8 /* Pods */,
			);
			sourceTree = "<group>";
		};
		2BE183AD1971A5DA00EE9DD7 /* Products */ = {
			isa = PBXGroup;
			children = (
				2BE183AC1971A5DA00EE9DD7 /* EasySafe.app */,
			);
			name = Products;
			sourceTree = "<group>";
		};
		2BE183AE1971A5DA00EE9DD7 /* Frameworks */ = {
			isa = PBXGroup;
			children = (
				2BE183AF1971A5DA00EE9DD7 /* Foundation.framework */,
				2BE183B11971A5DA00EE9DD7 /* CoreGraphics.framework */,
				2BE183B31971A5DA00EE9DD7 /* UIKit.framework */,
				2BE183CE1971A5DA00EE9DD7 /* XCTest.framework */,
				C76C717EB36F4E52A2B6940E /* libPods.a */,
			);
			name = Frameworks;
			sourceTree = "<group>";
		};
		ADA53E987DE3679D5076B5D8 /* Pods */ = {
			isa = PBXGroup;
			children = (
				39DC6320747C7E92F19B8619 /* Pods.debug.xcconfig */,
				4A5B9DA7956BE14AD7A3EEBA /* Pods.release.xcconfig */,
			);
			name = Pods;
			sourceTree = "<group>";
		};
/* End PBXGroup section */

/* Begin PBXNativeTarget section */
		2BE183AB1971A5DA00EE9DD7 /* EasySafe */ = {
			isa = PBXNativeTarget;
			buildConfigurationList = 2BE183DE1971A5DA00EE9DD7 /* Build configuration list for PBXNativeTarget "EasySafe" */;
			buildPhases = (
				CE0A46C8EDC94C2581702C7F /* Check Pods Manifest.lock */,
				2BE183A81971A5DA00EE9DD7 /* Sources */,
				2BE183A91971A5DA00EE9DD7 /* Frameworks */,
				2BE183AA1971A5DA00EE9DD7 /* Resources */,
				803A2CAAEBE24924BE7686FA /* Copy Pods Resources */,
			);
			buildRules = (
			);
			dependencies = (
			);
			name = EasySafe;
			productName = SimpliSafe;
			productReference = 2BE183AC1971A5DA00EE9DD7 /* EasySafe.app */;
			productType = "com.apple.product-type.application";
		};
/* End PBXNativeTarget section */

/* Begin PBXProject section */
		2BE183A41971A5DA00EE9DD7 /* Project object */ = {
			isa = PBXProject;
			attributes = {
				LastUpgradeCheck = 0640;
				ORGANIZATIONNAME = "Newman Creative";
			};
			buildConfigurationList = 2BE183A71971A5DA00EE9DD7 /* Build configuration list for PBXProject "EasySafe" */;
			compatibilityVersion = "Xcode 3.2";
			developmentRegion = English;
			hasScannedForEncodings = 0;
			knownRegions = (
				en,
				Base,
			);
			mainGroup = 2BE183A31971A5DA00EE9DD7;
			productRefGroup = 2BE183AD1971A5DA00EE9DD7 /* Products */;
			projectDirPath = "";
			projectRoot = "";
			targets = (
				2BE183AB1971A5DA00EE9DD7 /* EasySafe */,
			);
		};
/* End PBXProject section */

/* Begin PBXResourcesBuildPhase section */
		2BE183AA1971A5DA00EE9DD7 /* Resources */ = {
			isa = PBXResourcesBuildPhase;
			buildActionMask = 2147483647;
			files = (
				2BD739C51B55873000E462BE /* btn_away_blue@2x.png in Resources */,
				2BD739C61B55873000E462BE /* btn_away_gray@2x.png in Resources */,
				2BD739C71B55873000E462BE /* btn_home_blue@2x.png in Resources */,
				2BD739C81B55873000E462BE /* btn_home_gray@2x.png in Resources */,
				2BD739C91B55873000E462BE /* btn_unlocked_blue@2x.png in Resources */,
				2BD739CA1B55873000E462BE /* btn_unlocked_gray@2x.png in Resources */,
				2BD739CB1B55873000E462BE /* account@2x.png in Resources */,
				2BD739CC1B55873000E462BE /* alarm@2x.png in Resources */,
				2BD739CD1B55873000E462BE /* calendar@2x.png in Resources */,
				2BD739CE1B55873000E462BE /* fire@2x.png in Resources */,
				2BD739DD1B55894B00E462BE /* Media.xcassets in Resources */,
				2BD739CF1B55873000E462BE /* gasmask@2x.png in Resources */,
				2BD739D01B55873000E462BE /* temperature@2x.png in Resources */,
				2BD739D11B55873000E462BE /* water@2x.png in Resources */,
				2BD739DB1B55893000E462BE /* icon2048.png in Resources */,
				2BD739D51B55873000E462BE /* Launch_640_1136.png in Resources */,
				2BD739D71B55873100E462BE /* house_icon@2x.png in Resources */,
				2BD739D81B55873100E462BE /* location@2x.png in Resources */,
				2BD739D91B55873100E462BE /* logout@2x.png in Resources */,
				2BD739BC1B55864E00E462BE /* Main.storyboard in Resources */,
				2B7F81041B5582C800489FE5 /* EasySafe-Prefix.pch in Resources */,
				2B7F81061B5582C800489FE5 /* Constants.h in Resources */,
				2BD739BF1B55870F00E462BE /* click.aif in Resources */,
				2B7F81071B5582C800489FE5 /* InfoPlist.strings in Resources */,
			);
			runOnlyForDeploymentPostprocessing = 0;
		};
/* End PBXResourcesBuildPhase section */

/* Begin PBXShellScriptBuildPhase section */
		803A2CAAEBE24924BE7686FA /* Copy Pods Resources */ = {
			isa = PBXShellScriptBuildPhase;
			buildActionMask = 2147483647;
			files = (
			);
			inputPaths = (
			);
			name = "Copy Pods Resources";
			outputPaths = (
			);
			runOnlyForDeploymentPostprocessing = 0;
			shellPath = /bin/sh;
			shellScript = "\"${SRCROOT}/Pods/Target Support Files/Pods/Pods-resources.sh\"\n";
			showEnvVarsInLog = 0;
		};
		CE0A46C8EDC94C2581702C7F /* Check Pods Manifest.lock */ = {
			isa = PBXShellScriptBuildPhase;
			buildActionMask = 2147483647;
			files = (
			);
			inputPaths = (
			);
			name = "Check Pods Manifest.lock";
			outputPaths = (
			);
			runOnlyForDeploymentPostprocessing = 0;
			shellPath = /bin/sh;
			shellScript = "diff \"${PODS_ROOT}/../Podfile.lock\" \"${PODS_ROOT}/Manifest.lock\" > /dev/null\nif [[ $? != 0 ]] ; then\n    cat << EOM\nerror: The sandbox is not in sync with the Podfile.lock. Run 'pod install' or update your CocoaPods installation.\nEOM\n    exit 1\nfi\n";
			showEnvVarsInLog = 0;
		};
/* End PBXShellScriptBuildPhase section */

/* Begin PBXSourcesBuildPhase section */
		2BE183A81971A5DA00EE9DD7 /* Sources */ = {
			isa = PBXSourcesBuildPhase;
			buildActionMask = 2147483647;
			files = (
				2B7F80CD1B5580A100489FE5 /* AlarmButtonsView.m in Sources */,
				2B7F80C11B5580A100489FE5 /* SSUser.m in Sources */,
				2B7F81021B55821900489FE5 /* UIButton+Glossy.m in Sources */,
				2B7F80C91B5580A100489FE5 /* EventsListViewController.m in Sources */,
				2B7F7DEC1B5580A100489FE5 /* AppDelegate.m in Sources */,
				2B7F80C71B5580A100489FE5 /* AccountViewController.m in Sources */,
				2B7F80F71B55820300489FE5 /* EventLogViewController.m in Sources */,
				2B7F80CB1B5580A100489FE5 /* LoginViewController.m in Sources */,
				2B7F81011B55821900489FE5 /* GlossyButton.m in Sources */,
				2B7F80BB1B5580A100489FE5 /* main.m in Sources */,
				2B7F80CA1B5580A100489FE5 /* LocationsListViewController.m in Sources */,
				2B7F80C51B5580A100489FE5 /* EventsTableViewCell.m in Sources */,
				2B7F80C21B5580A100489FE5 /* SSUserManager.m in Sources */,
				2B7F80BF1B5580A100489FE5 /* SSEvent.m in Sources */,
				2B7F80BD1B5580A100489FE5 /* SSAPIClient.m in Sources */,
				2B7F80C81B5580A100489FE5 /* DashboardViewController.m in Sources */,
				2B7F80C01B5580A100489FE5 /* SSLocation.m in Sources */,
				2B7F80BE1B5580A100489FE5 /* SSDashboard.m in Sources */,
				2B7F80AD1B5580A100489FE5 /* MFMailComposeViewController+StatusBar.m in Sources */,
			);
			runOnlyForDeploymentPostprocessing = 0;
		};
/* End PBXSourcesBuildPhase section */

/* Begin PBXVariantGroup section */
		2B7F7D9E1B5580A000489FE5 /* Main.storyboard */ = {
			isa = PBXVariantGroup;
			children = (
				2B7F7D9F1B5580A000489FE5 /* Base */,
			);
			name = Main.storyboard;
			sourceTree = "<group>";
		};
		2B7F7DAD1B5580A000489FE5 /* InfoPlist.strings */ = {
			isa = PBXVariantGroup;
			children = (
				2B7F7DAE1B5580A000489FE5 /* en */,
			);
			name = InfoPlist.strings;
			sourceTree = "<group>";
		};
/* End PBXVariantGroup section */

/* Begin XCBuildConfiguration section */
		2BE183DC1971A5DA00EE9DD7 /* Debug */ = {
			isa = XCBuildConfiguration;
			buildSettings = {
				ALWAYS_SEARCH_USER_PATHS = NO;
				CLANG_CXX_LANGUAGE_STANDARD = "gnu++0x";
				CLANG_CXX_LIBRARY = "libc++";
				CLANG_ENABLE_MODULES = YES;
				CLANG_ENABLE_OBJC_ARC = YES;
				CLANG_WARN_BOOL_CONVERSION = YES;
				CLANG_WARN_CONSTANT_CONVERSION = YES;
				CLANG_WARN_DIRECT_OBJC_ISA_USAGE = YES_ERROR;
				CLANG_WARN_EMPTY_BODY = YES;
				CLANG_WARN_ENUM_CONVERSION = YES;
				CLANG_WARN_INT_CONVERSION = YES;
				CLANG_WARN_OBJC_ROOT_CLASS = YES_ERROR;
				CLANG_WARN__DUPLICATE_METHOD_MATCH = YES;
				"CODE_SIGN_IDENTITY[sdk=iphoneos*]" = "iPhone Developer";
				COPY_PHASE_STRIP = NO;
				GCC_C_LANGUAGE_STANDARD = gnu99;
				GCC_DYNAMIC_NO_PIC = NO;
				GCC_OPTIMIZATION_LEVEL = 0;
				GCC_PREPROCESSOR_DEFINITIONS = (
					"DEBUG=1",
					"$(inherited)",
				);
				GCC_SYMBOLS_PRIVATE_EXTERN = NO;
				GCC_WARN_64_TO_32_BIT_CONVERSION = YES;
				GCC_WARN_ABOUT_RETURN_TYPE = YES_ERROR;
				GCC_WARN_UNDECLARED_SELECTOR = YES;
				GCC_WARN_UNINITIALIZED_AUTOS = YES_AGGRESSIVE;
				GCC_WARN_UNUSED_FUNCTION = YES;
				GCC_WARN_UNUSED_VARIABLE = YES;
				IPHONEOS_DEPLOYMENT_TARGET = 7.1;
				ONLY_ACTIVE_ARCH = YES;
				SDKROOT = iphoneos;
			};
			name = Debug;
		};
		2BE183DD1971A5DA00EE9DD7 /* Release */ = {
			isa = XCBuildConfiguration;
			buildSettings = {
				ALWAYS_SEARCH_USER_PATHS = NO;
				CLANG_CXX_LANGUAGE_STANDARD = "gnu++0x";
				CLANG_CXX_LIBRARY = "libc++";
				CLANG_ENABLE_MODULES = YES;
				CLANG_ENABLE_OBJC_ARC = YES;
				CLANG_WARN_BOOL_CONVERSION = YES;
				CLANG_WARN_CONSTANT_CONVERSION = YES;
				CLANG_WARN_DIRECT_OBJC_ISA_USAGE = YES_ERROR;
				CLANG_WARN_EMPTY_BODY = YES;
				CLANG_WARN_ENUM_CONVERSION = YES;
				CLANG_WARN_INT_CONVERSION = YES;
				CLANG_WARN_OBJC_ROOT_CLASS = YES_ERROR;
				CLANG_WARN__DUPLICATE_METHOD_MATCH = YES;
				"CODE_SIGN_IDENTITY[sdk=iphoneos*]" = "iPhone Developer";
				COPY_PHASE_STRIP = YES;
				ENABLE_NS_ASSERTIONS = NO;
				GCC_C_LANGUAGE_STANDARD = gnu99;
				GCC_WARN_64_TO_32_BIT_CONVERSION = YES;
				GCC_WARN_ABOUT_RETURN_TYPE = YES_ERROR;
				GCC_WARN_UNDECLARED_SELECTOR = YES;
				GCC_WARN_UNINITIALIZED_AUTOS = YES_AGGRESSIVE;
				GCC_WARN_UNUSED_FUNCTION = YES;
				GCC_WARN_UNUSED_VARIABLE = YES;
				IPHONEOS_DEPLOYMENT_TARGET = 7.1;
				SDKROOT = iphoneos;
				VALIDATE_PRODUCT = YES;
			};
			name = Release;
		};
		2BE183DF1971A5DA00EE9DD7 /* Debug */ = {
			isa = XCBuildConfiguration;
			baseConfigurationReference = 39DC6320747C7E92F19B8619 /* Pods.debug.xcconfig */;
			buildSettings = {
				ASSETCATALOG_COMPILER_APPICON_NAME = AppIcon;
				ASSETCATALOG_COMPILER_LAUNCHIMAGE_NAME = LaunchImage;
				GCC_PRECOMPILE_PREFIX_HEADER = YES;
				GCC_PREFIX_HEADER = "EasySafe/EasySafe-Prefix.pch";
				INFOPLIST_FILE = "EasySafe/EasySafe-Info.plist";
				PRODUCT_NAME = "$(TARGET_NAME)";
				WRAPPER_EXTENSION = app;
			};
			name = Debug;
		};
		2BE183E01971A5DA00EE9DD7 /* Release */ = {
			isa = XCBuildConfiguration;
			baseConfigurationReference = 4A5B9DA7956BE14AD7A3EEBA /* Pods.release.xcconfig */;
			buildSettings = {
				ASSETCATALOG_COMPILER_APPICON_NAME = AppIcon;
				ASSETCATALOG_COMPILER_LAUNCHIMAGE_NAME = LaunchImage;
				GCC_PRECOMPILE_PREFIX_HEADER = YES;
				GCC_PREFIX_HEADER = "EasySafe/EasySafe-Prefix.pch";
				INFOPLIST_FILE = "EasySafe/EasySafe-Info.plist";
				PRODUCT_NAME = "$(TARGET_NAME)";
				WRAPPER_EXTENSION = app;
			};
			name = Release;
		};
/* End XCBuildConfiguration section */

/* Begin XCConfigurationList section */
		2BE183A71971A5DA00EE9DD7 /* Build configuration list for PBXProject "EasySafe" */ = {
			isa = XCConfigurationList;
			buildConfigurations = (
				2BE183DC1971A5DA00EE9DD7 /* Debug */,
				2BE183DD1971A5DA00EE9DD7 /* Release */,
			);
			defaultConfigurationIsVisible = 0;
			defaultConfigurationName = Release;
		};
		2BE183DE1971A5DA00EE9DD7 /* Build configuration list for PBXNativeTarget "EasySafe" */ = {
			isa = XCConfigurationList;
			buildConfigurations = (
				2BE183DF1971A5DA00EE9DD7 /* Debug */,
				2BE183E01971A5DA00EE9DD7 /* Release */,
			);
			defaultConfigurationIsVisible = 0;
			defaultConfigurationName = Release;
		};
/* End XCConfigurationList section */
	};
	rootObject = 2BE183A41971A5DA00EE9DD7 /* Project object */;
}
