// !$*UTF8*$!
{
	archiveVersion = 1;
	classes = {
	};
	objectVersion = 46;
	objects = {

/* Begin PBXBuildFile section */
		2B2EB1E4197592BE0093303D /* logout@2x.png in Resources */ = {isa = PBXBuildFile; fileRef = 2B2EB1E3197592BE0093303D /* logout@2x.png */; };
		2B2EB1E7197597E40093303D /* btn_unlocked_blue@2x.png in Resources */ = {isa = PBXBuildFile; fileRef = 2B2EB1E5197597E40093303D /* btn_unlocked_blue@2x.png */; };
		2B2EB1E8197597E40093303D /* btn_unlocked_gray@2x.png in Resources */ = {isa = PBXBuildFile; fileRef = 2B2EB1E6197597E40093303D /* btn_unlocked_gray@2x.png */; };
		2B2EB1ED19759D380093303D /* btn_away_blue@2x.png in Resources */ = {isa = PBXBuildFile; fileRef = 2B2EB1E919759D380093303D /* btn_away_blue@2x.png */; };
		2B2EB1EE19759D380093303D /* btn_away_gray@2x.png in Resources */ = {isa = PBXBuildFile; fileRef = 2B2EB1EA19759D380093303D /* btn_away_gray@2x.png */; };
		2B2EB1EF19759D380093303D /* btn_home_blue@2x.png in Resources */ = {isa = PBXBuildFile; fileRef = 2B2EB1EB19759D380093303D /* btn_home_blue@2x.png */; };
		2B2EB1F019759D380093303D /* btn_home_gray@2x.png in Resources */ = {isa = PBXBuildFile; fileRef = 2B2EB1EC19759D380093303D /* btn_home_gray@2x.png */; };
		2B2EB1F51975A3890093303D /* alarm@2x.png in Resources */ = {isa = PBXBuildFile; fileRef = 2B2EB1F41975A3890093303D /* alarm@2x.png */; };
		2B2EB1F71975A4750093303D /* temperature@2x.png in Resources */ = {isa = PBXBuildFile; fileRef = 2B2EB1F61975A4750093303D /* temperature@2x.png */; };
		2B2EB1FB1975A5C60093303D /* fire@2x.png in Resources */ = {isa = PBXBuildFile; fileRef = 2B2EB1F81975A5C60093303D /* fire@2x.png */; };
		2B2EB1FC1975A5C60093303D /* gasmask@2x.png in Resources */ = {isa = PBXBuildFile; fileRef = 2B2EB1F91975A5C60093303D /* gasmask@2x.png */; };
		2B2EB1FD1975A5C60093303D /* water@2x.png in Resources */ = {isa = PBXBuildFile; fileRef = 2B2EB1FA1975A5C60093303D /* water@2x.png */; };
		2B2EB1FF1975D66D0093303D /* calendar@2x.png in Resources */ = {isa = PBXBuildFile; fileRef = 2B2EB1FE1975D66D0093303D /* calendar@2x.png */; };
		2B2EB2041975DD270093303D /* AccountViewController.m in Sources */ = {isa = PBXBuildFile; fileRef = 2B2EB2031975DD270093303D /* AccountViewController.m */; };
		2B2EB2081975E5F10093303D /* account@2x.png in Resources */ = {isa = PBXBuildFile; fileRef = 2B2EB2071975E5F10093303D /* account@2x.png */; };
		2B2EB20B197623050093303D /* SSDashboard.m in Sources */ = {isa = PBXBuildFile; fileRef = 2B2EB20A197623050093303D /* SSDashboard.m */; };
		2B2EB20E197623490093303D /* SSEvent.m in Sources */ = {isa = PBXBuildFile; fileRef = 2B2EB20D197623490093303D /* SSEvent.m */; };
		2B2EB2121976CA410093303D /* AlarmButtonsView.m in Sources */ = {isa = PBXBuildFile; fileRef = 2B2EB2111976CA410093303D /* AlarmButtonsView.m */; };
		2BC189E6197A19730095999F /* EventsTableViewCell.m in Sources */ = {isa = PBXBuildFile; fileRef = 2BC189E5197A19730095999F /* EventsTableViewCell.m */; };
		2BC189E9197A2F1C0095999F /* MFMailComposeViewController+StatusBar.m in Sources */ = {isa = PBXBuildFile; fileRef = 2BC189E8197A2F1C0095999F /* MFMailComposeViewController+StatusBar.m */; };
		2BD90DF81974B9E900633FBE /* icon.png in Resources */ = {isa = PBXBuildFile; fileRef = 2BD90DEF1974B9E900633FBE /* icon.png */; };
		2BD90DF91974B9E900633FBE /* icon@2x.png in Resources */ = {isa = PBXBuildFile; fileRef = 2BD90DF01974B9E900633FBE /* icon@2x.png */; };
		2BD90DFA1974B9E900633FBE /* Default-568h@2x~iphone.png in Resources */ = {isa = PBXBuildFile; fileRef = 2BD90DF21974B9E900633FBE /* Default-568h@2x~iphone.png */; };
		2BD90DFB1974B9E900633FBE /* Default@2x~iphone.png in Resources */ = {isa = PBXBuildFile; fileRef = 2BD90DF31974B9E900633FBE /* Default@2x~iphone.png */; };
		2BD90DFC1974B9E900633FBE /* Default~iphone.png in Resources */ = {isa = PBXBuildFile; fileRef = 2BD90DF41974B9E900633FBE /* Default~iphone.png */; };
		2BD90E021974BADE00633FBE /* icon_58.png in Resources */ = {isa = PBXBuildFile; fileRef = 2BD90DFF1974BADE00633FBE /* icon_58.png */; };
		2BD90E031974BADE00633FBE /* icon_80.png in Resources */ = {isa = PBXBuildFile; fileRef = 2BD90E001974BADE00633FBE /* icon_80.png */; };
		2BD90E041974BADE00633FBE /* icon_120.png in Resources */ = {isa = PBXBuildFile; fileRef = 2BD90E011974BADE00633FBE /* icon_120.png */; };
		2BD90E071974CEBE00633FBE /* Launch_640_960.png in Resources */ = {isa = PBXBuildFile; fileRef = 2BD90E051974CEBE00633FBE /* Launch_640_960.png */; };
		2BD90E081974CEBE00633FBE /* Launch_640_1136.png in Resources */ = {isa = PBXBuildFile; fileRef = 2BD90E061974CEBE00633FBE /* Launch_640_1136.png */; };
		2BD90E151974D50300633FBE /* location@2x.png in Resources */ = {isa = PBXBuildFile; fileRef = 2BD90E141974D50300633FBE /* location@2x.png */; };
		2BD90E171974E32000633FBE /* house_icon@2x.png in Resources */ = {isa = PBXBuildFile; fileRef = 2BD90E161974E32000633FBE /* house_icon@2x.png */; };
		2BE183B01971A5DA00EE9DD7 /* Foundation.framework in Frameworks */ = {isa = PBXBuildFile; fileRef = 2BE183AF1971A5DA00EE9DD7 /* Foundation.framework */; };
		2BE183B21971A5DA00EE9DD7 /* CoreGraphics.framework in Frameworks */ = {isa = PBXBuildFile; fileRef = 2BE183B11971A5DA00EE9DD7 /* CoreGraphics.framework */; };
		2BE183B41971A5DA00EE9DD7 /* UIKit.framework in Frameworks */ = {isa = PBXBuildFile; fileRef = 2BE183B31971A5DA00EE9DD7 /* UIKit.framework */; };
		2BE183BA1971A5DA00EE9DD7 /* InfoPlist.strings in Resources */ = {isa = PBXBuildFile; fileRef = 2BE183B81971A5DA00EE9DD7 /* InfoPlist.strings */; };
		2BE183BC1971A5DA00EE9DD7 /* main.m in Sources */ = {isa = PBXBuildFile; fileRef = 2BE183BB1971A5DA00EE9DD7 /* main.m */; };
		2BE183C01971A5DA00EE9DD7 /* AppDelegate.m in Sources */ = {isa = PBXBuildFile; fileRef = 2BE183BF1971A5DA00EE9DD7 /* AppDelegate.m */; };
		2BE183C31971A5DA00EE9DD7 /* Main.storyboard in Resources */ = {isa = PBXBuildFile; fileRef = 2BE183C11971A5DA00EE9DD7 /* Main.storyboard */; };
		2BE183C81971A5DA00EE9DD7 /* Images.xcassets in Resources */ = {isa = PBXBuildFile; fileRef = 2BE183C71971A5DA00EE9DD7 /* Images.xcassets */; };
		2BE183CF1971A5DA00EE9DD7 /* XCTest.framework in Frameworks */ = {isa = PBXBuildFile; fileRef = 2BE183CE1971A5DA00EE9DD7 /* XCTest.framework */; };
		2BE183D01971A5DA00EE9DD7 /* Foundation.framework in Frameworks */ = {isa = PBXBuildFile; fileRef = 2BE183AF1971A5DA00EE9DD7 /* Foundation.framework */; };
		2BE183D11971A5DA00EE9DD7 /* UIKit.framework in Frameworks */ = {isa = PBXBuildFile; fileRef = 2BE183B31971A5DA00EE9DD7 /* UIKit.framework */; };
		2BE183D91971A5DA00EE9DD7 /* InfoPlist.strings in Resources */ = {isa = PBXBuildFile; fileRef = 2BE183D71971A5DA00EE9DD7 /* InfoPlist.strings */; };
		2BE183DB1971A5DA00EE9DD7 /* SimpliSafeTests.m in Sources */ = {isa = PBXBuildFile; fileRef = 2BE183DA1971A5DA00EE9DD7 /* SimpliSafeTests.m */; };
		2BE183E81971A6BC00EE9DD7 /* SSAPIClient.m in Sources */ = {isa = PBXBuildFile; fileRef = 2BE183E71971A6BC00EE9DD7 /* SSAPIClient.m */; };
		2BE183EB1971B4DD00EE9DD7 /* LoginViewController.m in Sources */ = {isa = PBXBuildFile; fileRef = 2BE183EA1971B4DD00EE9DD7 /* LoginViewController.m */; };
		2BE183EE19722EB700EE9DD7 /* SSUser.m in Sources */ = {isa = PBXBuildFile; fileRef = 2BE183ED19722EB700EE9DD7 /* SSUser.m */; };
		2BE183F81972385800EE9DD7 /* DashboardViewController.m in Sources */ = {isa = PBXBuildFile; fileRef = 2BE183F71972385800EE9DD7 /* DashboardViewController.m */; };
		2BE183FB197240CB00EE9DD7 /* SSLocation.m in Sources */ = {isa = PBXBuildFile; fileRef = 2BE183FA197240CB00EE9DD7 /* SSLocation.m */; };
		2BE184071972F5B700EE9DD7 /* EventsListViewController.m in Sources */ = {isa = PBXBuildFile; fileRef = 2BE184061972F5B700EE9DD7 /* EventsListViewController.m */; };
		2BE1840D1972F88000EE9DD7 /* SSUserManager.m in Sources */ = {isa = PBXBuildFile; fileRef = 2BE1840C1972F88000EE9DD7 /* SSUserManager.m */; };
		2BE184171974382000EE9DD7 /* LocationsListViewController.m in Sources */ = {isa = PBXBuildFile; fileRef = 2BE184161974382000EE9DD7 /* LocationsListViewController.m */; };
		2BFAAAC81984188C0021DDB9 /* todo.txt in Resources */ = {isa = PBXBuildFile; fileRef = 2BFAAAC71984188C0021DDB9 /* todo.txt */; };
		E9F25F6B2A32443199ACFE26 /* libPods.a in Frameworks */ = {isa = PBXBuildFile; fileRef = C76C717EB36F4E52A2B6940E /* libPods.a */; };
/* End PBXBuildFile section */

/* Begin PBXContainerItemProxy section */
		2BE183D21971A5DA00EE9DD7 /* PBXContainerItemProxy */ = {
			isa = PBXContainerItemProxy;
			containerPortal = 2BE183A41971A5DA00EE9DD7 /* Project object */;
			proxyType = 1;
			remoteGlobalIDString = 2BE183AB1971A5DA00EE9DD7;
			remoteInfo = SimpliSafe;
		};
/* End PBXContainerItemProxy section */

/* Begin PBXFileReference section */
		2B2EB1E3197592BE0093303D /* logout@2x.png */ = {isa = PBXFileReference; lastKnownFileType = image.png; path = "logout@2x.png"; sourceTree = "<group>"; };
		2B2EB1E5197597E40093303D /* btn_unlocked_blue@2x.png */ = {isa = PBXFileReference; lastKnownFileType = image.png; path = "btn_unlocked_blue@2x.png"; sourceTree = "<group>"; };
		2B2EB1E6197597E40093303D /* btn_unlocked_gray@2x.png */ = {isa = PBXFileReference; lastKnownFileType = image.png; path = "btn_unlocked_gray@2x.png"; sourceTree = "<group>"; };
		2B2EB1E919759D380093303D /* btn_away_blue@2x.png */ = {isa = PBXFileReference; lastKnownFileType = image.png; path = "btn_away_blue@2x.png"; sourceTree = "<group>"; };
		2B2EB1EA19759D380093303D /* btn_away_gray@2x.png */ = {isa = PBXFileReference; lastKnownFileType = image.png; path = "btn_away_gray@2x.png"; sourceTree = "<group>"; };
		2B2EB1EB19759D380093303D /* btn_home_blue@2x.png */ = {isa = PBXFileReference; lastKnownFileType = image.png; path = "btn_home_blue@2x.png"; sourceTree = "<group>"; };
		2B2EB1EC19759D380093303D /* btn_home_gray@2x.png */ = {isa = PBXFileReference; lastKnownFileType = image.png; path = "btn_home_gray@2x.png"; sourceTree = "<group>"; };
		2B2EB1F41975A3890093303D /* alarm@2x.png */ = {isa = PBXFileReference; lastKnownFileType = image.png; path = "alarm@2x.png"; sourceTree = "<group>"; };
		2B2EB1F61975A4750093303D /* temperature@2x.png */ = {isa = PBXFileReference; lastKnownFileType = image.png; path = "temperature@2x.png"; sourceTree = "<group>"; };
		2B2EB1F81975A5C60093303D /* fire@2x.png */ = {isa = PBXFileReference; lastKnownFileType = image.png; path = "fire@2x.png"; sourceTree = "<group>"; };
		2B2EB1F91975A5C60093303D /* gasmask@2x.png */ = {isa = PBXFileReference; lastKnownFileType = image.png; path = "gasmask@2x.png"; sourceTree = "<group>"; };
		2B2EB1FA1975A5C60093303D /* water@2x.png */ = {isa = PBXFileReference; lastKnownFileType = image.png; path = "water@2x.png"; sourceTree = "<group>"; };
		2B2EB1FE1975D66D0093303D /* calendar@2x.png */ = {isa = PBXFileReference; lastKnownFileType = image.png; path = "calendar@2x.png"; sourceTree = "<group>"; };
		2B2EB2021975DD270093303D /* AccountViewController.h */ = {isa = PBXFileReference; fileEncoding = 4; lastKnownFileType = sourcecode.c.h; path = AccountViewController.h; sourceTree = "<group>"; };
		2B2EB2031975DD270093303D /* AccountViewController.m */ = {isa = PBXFileReference; fileEncoding = 4; lastKnownFileType = sourcecode.c.objc; path = AccountViewController.m; sourceTree = "<group>"; };
		2B2EB2071975E5F10093303D /* account@2x.png */ = {isa = PBXFileReference; lastKnownFileType = image.png; path = "account@2x.png"; sourceTree = "<group>"; };
		2B2EB209197623050093303D /* SSDashboard.h */ = {isa = PBXFileReference; fileEncoding = 4; lastKnownFileType = sourcecode.c.h; path = SSDashboard.h; sourceTree = "<group>"; };
		2B2EB20A197623050093303D /* SSDashboard.m */ = {isa = PBXFileReference; fileEncoding = 4; lastKnownFileType = sourcecode.c.objc; path = SSDashboard.m; sourceTree = "<group>"; };
		2B2EB20C197623490093303D /* SSEvent.h */ = {isa = PBXFileReference; fileEncoding = 4; lastKnownFileType = sourcecode.c.h; path = SSEvent.h; sourceTree = "<group>"; };
		2B2EB20D197623490093303D /* SSEvent.m */ = {isa = PBXFileReference; fileEncoding = 4; lastKnownFileType = sourcecode.c.objc; path = SSEvent.m; sourceTree = "<group>"; };
		2B2EB2101976CA410093303D /* AlarmButtonsView.h */ = {isa = PBXFileReference; fileEncoding = 4; lastKnownFileType = sourcecode.c.h; path = AlarmButtonsView.h; sourceTree = "<group>"; };
		2B2EB2111976CA410093303D /* AlarmButtonsView.m */ = {isa = PBXFileReference; fileEncoding = 4; lastKnownFileType = sourcecode.c.objc; path = AlarmButtonsView.m; sourceTree = "<group>"; };
		2BC189E2197A15E30095999F /* Constants.h */ = {isa = PBXFileReference; lastKnownFileType = sourcecode.c.h; path = Constants.h; sourceTree = "<group>"; };
		2BC189E4197A19730095999F /* EventsTableViewCell.h */ = {isa = PBXFileReference; fileEncoding = 4; lastKnownFileType = sourcecode.c.h; path = EventsTableViewCell.h; sourceTree = "<group>"; };
		2BC189E5197A19730095999F /* EventsTableViewCell.m */ = {isa = PBXFileReference; fileEncoding = 4; lastKnownFileType = sourcecode.c.objc; path = EventsTableViewCell.m; sourceTree = "<group>"; };
		2BC189E7197A2F1C0095999F /* MFMailComposeViewController+StatusBar.h */ = {isa = PBXFileReference; fileEncoding = 4; lastKnownFileType = sourcecode.c.h; path = "MFMailComposeViewController+StatusBar.h"; sourceTree = "<group>"; };
		2BC189E8197A2F1C0095999F /* MFMailComposeViewController+StatusBar.m */ = {isa = PBXFileReference; fileEncoding = 4; lastKnownFileType = sourcecode.c.objc; path = "MFMailComposeViewController+StatusBar.m"; sourceTree = "<group>"; };
		2BD90DEF1974B9E900633FBE /* icon.png */ = {isa = PBXFileReference; lastKnownFileType = image.png; path = icon.png; sourceTree = "<group>"; };
		2BD90DF01974B9E900633FBE /* icon@2x.png */ = {isa = PBXFileReference; lastKnownFileType = image.png; path = "icon@2x.png"; sourceTree = "<group>"; };
		2BD90DF21974B9E900633FBE /* Default-568h@2x~iphone.png */ = {isa = PBXFileReference; lastKnownFileType = image.png; path = "Default-568h@2x~iphone.png"; sourceTree = "<group>"; };
		2BD90DF31974B9E900633FBE /* Default@2x~iphone.png */ = {isa = PBXFileReference; lastKnownFileType = image.png; path = "Default@2x~iphone.png"; sourceTree = "<group>"; };
		2BD90DF41974B9E900633FBE /* Default~iphone.png */ = {isa = PBXFileReference; lastKnownFileType = image.png; path = "Default~iphone.png"; sourceTree = "<group>"; };
		2BD90DFF1974BADE00633FBE /* icon_58.png */ = {isa = PBXFileReference; lastKnownFileType = image.png; path = icon_58.png; sourceTree = "<group>"; };
		2BD90E001974BADE00633FBE /* icon_80.png */ = {isa = PBXFileReference; lastKnownFileType = image.png; path = icon_80.png; sourceTree = "<group>"; };
		2BD90E011974BADE00633FBE /* icon_120.png */ = {isa = PBXFileReference; lastKnownFileType = image.png; path = icon_120.png; sourceTree = "<group>"; };
		2BD90E051974CEBE00633FBE /* Launch_640_960.png */ = {isa = PBXFileReference; lastKnownFileType = image.png; path = Launch_640_960.png; sourceTree = "<group>"; };
		2BD90E061974CEBE00633FBE /* Launch_640_1136.png */ = {isa = PBXFileReference; lastKnownFileType = image.png; path = Launch_640_1136.png; sourceTree = "<group>"; };
		2BD90E141974D50300633FBE /* location@2x.png */ = {isa = PBXFileReference; lastKnownFileType = image.png; path = "location@2x.png"; sourceTree = "<group>"; };
		2BD90E161974E32000633FBE /* house_icon@2x.png */ = {isa = PBXFileReference; lastKnownFileType = image.png; path = "house_icon@2x.png"; sourceTree = "<group>"; };
		2BE183AC1971A5DA00EE9DD7 /* SimpliSafe.app */ = {isa = PBXFileReference; explicitFileType = wrapper.application; includeInIndex = 0; path = SimpliSafe.app; sourceTree = BUILT_PRODUCTS_DIR; };
		2BE183AF1971A5DA00EE9DD7 /* Foundation.framework */ = {isa = PBXFileReference; lastKnownFileType = wrapper.framework; name = Foundation.framework; path = System/Library/Frameworks/Foundation.framework; sourceTree = SDKROOT; };
		2BE183B11971A5DA00EE9DD7 /* CoreGraphics.framework */ = {isa = PBXFileReference; lastKnownFileType = wrapper.framework; name = CoreGraphics.framework; path = System/Library/Frameworks/CoreGraphics.framework; sourceTree = SDKROOT; };
		2BE183B31971A5DA00EE9DD7 /* UIKit.framework */ = {isa = PBXFileReference; lastKnownFileType = wrapper.framework; name = UIKit.framework; path = System/Library/Frameworks/UIKit.framework; sourceTree = SDKROOT; };
		2BE183B71971A5DA00EE9DD7 /* SimpliSafe-Info.plist */ = {isa = PBXFileReference; lastKnownFileType = text.plist.xml; path = "SimpliSafe-Info.plist"; sourceTree = "<group>"; };
		2BE183B91971A5DA00EE9DD7 /* en */ = {isa = PBXFileReference; lastKnownFileType = text.plist.strings; name = en; path = en.lproj/InfoPlist.strings; sourceTree = "<group>"; };
		2BE183BB1971A5DA00EE9DD7 /* main.m */ = {isa = PBXFileReference; lastKnownFileType = sourcecode.c.objc; path = main.m; sourceTree = "<group>"; };
		2BE183BD1971A5DA00EE9DD7 /* SimpliSafe-Prefix.pch */ = {isa = PBXFileReference; lastKnownFileType = sourcecode.c.h; path = "SimpliSafe-Prefix.pch"; sourceTree = "<group>"; };
		2BE183BE1971A5DA00EE9DD7 /* AppDelegate.h */ = {isa = PBXFileReference; lastKnownFileType = sourcecode.c.h; path = AppDelegate.h; sourceTree = "<group>"; };
		2BE183BF1971A5DA00EE9DD7 /* AppDelegate.m */ = {isa = PBXFileReference; lastKnownFileType = sourcecode.c.objc; path = AppDelegate.m; sourceTree = "<group>"; };
		2BE183C21971A5DA00EE9DD7 /* Base */ = {isa = PBXFileReference; lastKnownFileType = file.storyboard; name = Base; path = Base.lproj/Main.storyboard; sourceTree = "<group>"; };
		2BE183C71971A5DA00EE9DD7 /* Images.xcassets */ = {isa = PBXFileReference; lastKnownFileType = folder.assetcatalog; path = Images.xcassets; sourceTree = "<group>"; };
		2BE183CD1971A5DA00EE9DD7 /* SimpliSafeTests.xctest */ = {isa = PBXFileReference; explicitFileType = wrapper.cfbundle; includeInIndex = 0; path = SimpliSafeTests.xctest; sourceTree = BUILT_PRODUCTS_DIR; };
		2BE183CE1971A5DA00EE9DD7 /* XCTest.framework */ = {isa = PBXFileReference; lastKnownFileType = wrapper.framework; name = XCTest.framework; path = Library/Frameworks/XCTest.framework; sourceTree = DEVELOPER_DIR; };
		2BE183D61971A5DA00EE9DD7 /* SimpliSafeTests-Info.plist */ = {isa = PBXFileReference; lastKnownFileType = text.plist.xml; path = "SimpliSafeTests-Info.plist"; sourceTree = "<group>"; };
		2BE183D81971A5DA00EE9DD7 /* en */ = {isa = PBXFileReference; lastKnownFileType = text.plist.strings; name = en; path = en.lproj/InfoPlist.strings; sourceTree = "<group>"; };
		2BE183DA1971A5DA00EE9DD7 /* SimpliSafeTests.m */ = {isa = PBXFileReference; lastKnownFileType = sourcecode.c.objc; path = SimpliSafeTests.m; sourceTree = "<group>"; };
		2BE183E61971A6BC00EE9DD7 /* SSAPIClient.h */ = {isa = PBXFileReference; fileEncoding = 4; lastKnownFileType = sourcecode.c.h; path = SSAPIClient.h; sourceTree = "<group>"; };
		2BE183E71971A6BC00EE9DD7 /* SSAPIClient.m */ = {isa = PBXFileReference; fileEncoding = 4; lastKnownFileType = sourcecode.c.objc; path = SSAPIClient.m; sourceTree = "<group>"; };
		2BE183E91971B4DD00EE9DD7 /* LoginViewController.h */ = {isa = PBXFileReference; fileEncoding = 4; lastKnownFileType = sourcecode.c.h; path = LoginViewController.h; sourceTree = "<group>"; };
		2BE183EA1971B4DD00EE9DD7 /* LoginViewController.m */ = {isa = PBXFileReference; fileEncoding = 4; lastKnownFileType = sourcecode.c.objc; path = LoginViewController.m; sourceTree = "<group>"; };
		2BE183EC19722EB700EE9DD7 /* SSUser.h */ = {isa = PBXFileReference; fileEncoding = 4; lastKnownFileType = sourcecode.c.h; path = SSUser.h; sourceTree = "<group>"; };
		2BE183ED19722EB700EE9DD7 /* SSUser.m */ = {isa = PBXFileReference; fileEncoding = 4; lastKnownFileType = sourcecode.c.objc; path = SSUser.m; sourceTree = "<group>"; };
		2BE183F61972385800EE9DD7 /* DashboardViewController.h */ = {isa = PBXFileReference; fileEncoding = 4; lastKnownFileType = sourcecode.c.h; path = DashboardViewController.h; sourceTree = "<group>"; };
		2BE183F71972385800EE9DD7 /* DashboardViewController.m */ = {isa = PBXFileReference; fileEncoding = 4; lastKnownFileType = sourcecode.c.objc; path = DashboardViewController.m; sourceTree = "<group>"; };
		2BE183F9197240CB00EE9DD7 /* SSLocation.h */ = {isa = PBXFileReference; fileEncoding = 4; lastKnownFileType = sourcecode.c.h; path = SSLocation.h; sourceTree = "<group>"; };
		2BE183FA197240CB00EE9DD7 /* SSLocation.m */ = {isa = PBXFileReference; fileEncoding = 4; lastKnownFileType = sourcecode.c.objc; path = SSLocation.m; sourceTree = "<group>"; };
		2BE184051972F5B700EE9DD7 /* EventsListViewController.h */ = {isa = PBXFileReference; fileEncoding = 4; lastKnownFileType = sourcecode.c.h; path = EventsListViewController.h; sourceTree = "<group>"; };
		2BE184061972F5B700EE9DD7 /* EventsListViewController.m */ = {isa = PBXFileReference; fileEncoding = 4; lastKnownFileType = sourcecode.c.objc; path = EventsListViewController.m; sourceTree = "<group>"; };
		2BE1840B1972F88000EE9DD7 /* SSUserManager.h */ = {isa = PBXFileReference; fileEncoding = 4; lastKnownFileType = sourcecode.c.h; path = SSUserManager.h; sourceTree = "<group>"; };
		2BE1840C1972F88000EE9DD7 /* SSUserManager.m */ = {isa = PBXFileReference; fileEncoding = 4; lastKnownFileType = sourcecode.c.objc; path = SSUserManager.m; sourceTree = "<group>"; };
		2BE184151974382000EE9DD7 /* LocationsListViewController.h */ = {isa = PBXFileReference; fileEncoding = 4; lastKnownFileType = sourcecode.c.h; path = LocationsListViewController.h; sourceTree = "<group>"; };
		2BE184161974382000EE9DD7 /* LocationsListViewController.m */ = {isa = PBXFileReference; fileEncoding = 4; lastKnownFileType = sourcecode.c.objc; path = LocationsListViewController.m; sourceTree = "<group>"; };
		2BFAAAC71984188C0021DDB9 /* todo.txt */ = {isa = PBXFileReference; fileEncoding = 4; lastKnownFileType = text; path = todo.txt; sourceTree = "<group>"; };
		720296DB9EC24455A4DB3064 /* Pods.xcconfig */ = {isa = PBXFileReference; includeInIndex = 1; lastKnownFileType = text.xcconfig; name = Pods.xcconfig; path = Pods/Pods.xcconfig; sourceTree = "<group>"; };
		C76C717EB36F4E52A2B6940E /* libPods.a */ = {isa = PBXFileReference; explicitFileType = archive.ar; includeInIndex = 0; path = libPods.a; sourceTree = BUILT_PRODUCTS_DIR; };
/* End PBXFileReference section */

/* Begin PBXFrameworksBuildPhase section */
		2BE183A91971A5DA00EE9DD7 /* Frameworks */ = {
			isa = PBXFrameworksBuildPhase;
			buildActionMask = 2147483647;
			files = (
				2BE183B21971A5DA00EE9DD7 /* CoreGraphics.framework in Frameworks */,
				2BE183B41971A5DA00EE9DD7 /* UIKit.framework in Frameworks */,
				2BE183B01971A5DA00EE9DD7 /* Foundation.framework in Frameworks */,
				E9F25F6B2A32443199ACFE26 /* libPods.a in Frameworks */,
			);
			runOnlyForDeploymentPostprocessing = 0;
		};
		2BE183CA1971A5DA00EE9DD7 /* Frameworks */ = {
			isa = PBXFrameworksBuildPhase;
			buildActionMask = 2147483647;
			files = (
				2BE183CF1971A5DA00EE9DD7 /* XCTest.framework in Frameworks */,
				2BE183D11971A5DA00EE9DD7 /* UIKit.framework in Frameworks */,
				2BE183D01971A5DA00EE9DD7 /* Foundation.framework in Frameworks */,
			);
			runOnlyForDeploymentPostprocessing = 0;
		};
/* End PBXFrameworksBuildPhase section */

/* Begin PBXGroup section */
		2B2EB1DC19758D0A0093303D /* Buttons */ = {
			isa = PBXGroup;
			children = (
				2B2EB1E919759D380093303D /* btn_away_blue@2x.png */,
				2B2EB1EA19759D380093303D /* btn_away_gray@2x.png */,
				2B2EB1EB19759D380093303D /* btn_home_blue@2x.png */,
				2B2EB1EC19759D380093303D /* btn_home_gray@2x.png */,
				2B2EB1E5197597E40093303D /* btn_unlocked_blue@2x.png */,
				2B2EB1E6197597E40093303D /* btn_unlocked_gray@2x.png */,
			);
			path = Buttons;
			sourceTree = "<group>";
		};
		2B2EB1F11975A10C0093303D /* Cell Icons */ = {
			isa = PBXGroup;
			children = (
				2B2EB2071975E5F10093303D /* account@2x.png */,
				2B2EB1FE1975D66D0093303D /* calendar@2x.png */,
				2B2EB1F81975A5C60093303D /* fire@2x.png */,
				2B2EB1F91975A5C60093303D /* gasmask@2x.png */,
				2B2EB1FA1975A5C60093303D /* water@2x.png */,
				2B2EB1F61975A4750093303D /* temperature@2x.png */,
				2B2EB1F41975A3890093303D /* alarm@2x.png */,
			);
			path = "Cell Icons";
			sourceTree = "<group>";
		};
		2B2EB20F1976CA160093303D /* Views */ = {
			isa = PBXGroup;
			children = (
				2B2EB2101976CA410093303D /* AlarmButtonsView.h */,
				2B2EB2111976CA410093303D /* AlarmButtonsView.m */,
			);
			path = Views;
			sourceTree = "<group>";
		};
		2BC189E3197A19630095999F /* Table View Cells */ = {
			isa = PBXGroup;
			children = (
				2BC189E4197A19730095999F /* EventsTableViewCell.h */,
				2BC189E5197A19730095999F /* EventsTableViewCell.m */,
			);
			path = "Table View Cells";
			sourceTree = "<group>";
		};
		2BD90DEE1974B9E900633FBE /* App Icons */ = {
			isa = PBXGroup;
			children = (
				2BD90DFF1974BADE00633FBE /* icon_58.png */,
				2BD90E001974BADE00633FBE /* icon_80.png */,
				2BD90E011974BADE00633FBE /* icon_120.png */,
				2BD90DEF1974B9E900633FBE /* icon.png */,
				2BD90DF01974B9E900633FBE /* icon@2x.png */,
			);
			path = "App Icons";
			sourceTree = "<group>";
		};
		2BD90DF11974B9E900633FBE /* Launch Screens */ = {
			isa = PBXGroup;
			children = (
				2BD90E051974CEBE00633FBE /* Launch_640_960.png */,
				2BD90E061974CEBE00633FBE /* Launch_640_1136.png */,
				2BD90DF21974B9E900633FBE /* Default-568h@2x~iphone.png */,
				2BD90DF31974B9E900633FBE /* Default@2x~iphone.png */,
				2BD90DF41974B9E900633FBE /* Default~iphone.png */,
			);
			path = "Launch Screens";
			sourceTree = "<group>";
		};
		2BD90E131974D50300633FBE /* Nav Icons */ = {
			isa = PBXGroup;
			children = (
				2B2EB1E3197592BE0093303D /* logout@2x.png */,
				2BD90E161974E32000633FBE /* house_icon@2x.png */,
				2BD90E141974D50300633FBE /* location@2x.png */,
			);
			path = "Nav Icons";
			sourceTree = "<group>";
		};
		2BE183A31971A5DA00EE9DD7 = {
			isa = PBXGroup;
			children = (
				2BFAAAC71984188C0021DDB9 /* todo.txt */,
				2BE183B51971A5DA00EE9DD7 /* SimpliSafe */,
				2BE183D41971A5DA00EE9DD7 /* SimpliSafeTests */,
				2BE183AE1971A5DA00EE9DD7 /* Frameworks */,
				2BE183AD1971A5DA00EE9DD7 /* Products */,
				720296DB9EC24455A4DB3064 /* Pods.xcconfig */,
			);
			sourceTree = "<group>";
		};
		2BE183AD1971A5DA00EE9DD7 /* Products */ = {
			isa = PBXGroup;
			children = (
				2BE183AC1971A5DA00EE9DD7 /* SimpliSafe.app */,
				2BE183CD1971A5DA00EE9DD7 /* SimpliSafeTests.xctest */,
			);
			name = Products;
			sourceTree = "<group>";
		};
		2BE183AE1971A5DA00EE9DD7 /* Frameworks */ = {
			isa = PBXGroup;
			children = (
				2BE183AF1971A5DA00EE9DD7 /* Foundation.framework */,
				2BE183B11971A5DA00EE9DD7 /* CoreGraphics.framework */,
				2BE183B31971A5DA00EE9DD7 /* UIKit.framework */,
				2BE183CE1971A5DA00EE9DD7 /* XCTest.framework */,
				C76C717EB36F4E52A2B6940E /* libPods.a */,
			);
			name = Frameworks;
			sourceTree = "<group>";
		};
		2BE183B51971A5DA00EE9DD7 /* SimpliSafe */ = {
			isa = PBXGroup;
			children = (
				2BC189E3197A19630095999F /* Table View Cells */,
				2B2EB20F1976CA160093303D /* Views */,
				2BE184011972F24400EE9DD7 /* Categories */,
				2BE183FC1972EF5600EE9DD7 /* Assets */,
				2BE183F51972381E00EE9DD7 /* User Interface */,
				2BE183E41971A69C00EE9DD7 /* Models */,
				2BE183E51971A69C00EE9DD7 /* View Controllers */,
				2BE183BE1971A5DA00EE9DD7 /* AppDelegate.h */,
				2BE183BF1971A5DA00EE9DD7 /* AppDelegate.m */,
				2BE183C71971A5DA00EE9DD7 /* Images.xcassets */,
				2BE183B61971A5DA00EE9DD7 /* Supporting Files */,
				2BC189E2197A15E30095999F /* Constants.h */,
			);
			path = SimpliSafe;
			sourceTree = "<group>";
		};
		2BE183B61971A5DA00EE9DD7 /* Supporting Files */ = {
			isa = PBXGroup;
			children = (
				2BE183B71971A5DA00EE9DD7 /* SimpliSafe-Info.plist */,
				2BE183B81971A5DA00EE9DD7 /* InfoPlist.strings */,
				2BE183BB1971A5DA00EE9DD7 /* main.m */,
				2BE183BD1971A5DA00EE9DD7 /* SimpliSafe-Prefix.pch */,
			);
			name = "Supporting Files";
			sourceTree = "<group>";
		};
		2BE183D41971A5DA00EE9DD7 /* SimpliSafeTests */ = {
			isa = PBXGroup;
			children = (
				2BE183DA1971A5DA00EE9DD7 /* SimpliSafeTests.m */,
				2BE183D51971A5DA00EE9DD7 /* Supporting Files */,
			);
			path = SimpliSafeTests;
			sourceTree = "<group>";
		};
		2BE183D51971A5DA00EE9DD7 /* Supporting Files */ = {
			isa = PBXGroup;
			children = (
				2BE183D61971A5DA00EE9DD7 /* SimpliSafeTests-Info.plist */,
				2BE183D71971A5DA00EE9DD7 /* InfoPlist.strings */,
			);
			name = "Supporting Files";
			sourceTree = "<group>";
		};
		2BE183E41971A69C00EE9DD7 /* Models */ = {
			isa = PBXGroup;
			children = (
				2BE183E61971A6BC00EE9DD7 /* SSAPIClient.h */,
				2BE183E71971A6BC00EE9DD7 /* SSAPIClient.m */,
				2BE183EC19722EB700EE9DD7 /* SSUser.h */,
				2BE183ED19722EB700EE9DD7 /* SSUser.m */,
				2BE183F9197240CB00EE9DD7 /* SSLocation.h */,
				2BE183FA197240CB00EE9DD7 /* SSLocation.m */,
				2BE1840B1972F88000EE9DD7 /* SSUserManager.h */,
				2BE1840C1972F88000EE9DD7 /* SSUserManager.m */,
				2B2EB209197623050093303D /* SSDashboard.h */,
				2B2EB20A197623050093303D /* SSDashboard.m */,
				2B2EB20C197623490093303D /* SSEvent.h */,
				2B2EB20D197623490093303D /* SSEvent.m */,
			);
			path = Models;
			sourceTree = "<group>";
		};
		2BE183E51971A69C00EE9DD7 /* View Controllers */ = {
			isa = PBXGroup;
			children = (
				2BE183E91971B4DD00EE9DD7 /* LoginViewController.h */,
				2BE183EA1971B4DD00EE9DD7 /* LoginViewController.m */,
				2BE183F61972385800EE9DD7 /* DashboardViewController.h */,
				2BE183F71972385800EE9DD7 /* DashboardViewController.m */,
				2BE184051972F5B700EE9DD7 /* EventsListViewController.h */,
				2BE184061972F5B700EE9DD7 /* EventsListViewController.m */,
				2BE184151974382000EE9DD7 /* LocationsListViewController.h */,
				2BE184161974382000EE9DD7 /* LocationsListViewController.m */,
				2B2EB2021975DD270093303D /* AccountViewController.h */,
				2B2EB2031975DD270093303D /* AccountViewController.m */,
			);
			path = "View Controllers";
			sourceTree = "<group>";
		};
		2BE183F51972381E00EE9DD7 /* User Interface */ = {
			isa = PBXGroup;
			children = (
				2BE183C11971A5DA00EE9DD7 /* Main.storyboard */,
			);
			name = "User Interface";
			sourceTree = "<group>";
		};
		2BE183FC1972EF5600EE9DD7 /* Assets */ = {
			isa = PBXGroup;
			children = (
				2B2EB1F11975A10C0093303D /* Cell Icons */,
				2B2EB1DC19758D0A0093303D /* Buttons */,
				2BD90E131974D50300633FBE /* Nav Icons */,
				2BD90DEE1974B9E900633FBE /* App Icons */,
				2BD90DF11974B9E900633FBE /* Launch Screens */,
			);
			path = Assets;
			sourceTree = "<group>";
		};
		2BE184011972F24400EE9DD7 /* Categories */ = {
			isa = PBXGroup;
			children = (
				2BC189E7197A2F1C0095999F /* MFMailComposeViewController+StatusBar.h */,
				2BC189E8197A2F1C0095999F /* MFMailComposeViewController+StatusBar.m */,
			);
			path = Categories;
			sourceTree = "<group>";
		};
/* End PBXGroup section */

/* Begin PBXNativeTarget section */
		2BE183AB1971A5DA00EE9DD7 /* SimpliSafe */ = {
			isa = PBXNativeTarget;
			buildConfigurationList = 2BE183DE1971A5DA00EE9DD7 /* Build configuration list for PBXNativeTarget "SimpliSafe" */;
			buildPhases = (
				CE0A46C8EDC94C2581702C7F /* Check Pods Manifest.lock */,
				2BE183A81971A5DA00EE9DD7 /* Sources */,
				2BE183A91971A5DA00EE9DD7 /* Frameworks */,
				2BE183AA1971A5DA00EE9DD7 /* Resources */,
				803A2CAAEBE24924BE7686FA /* Copy Pods Resources */,
			);
			buildRules = (
			);
			dependencies = (
			);
			name = SimpliSafe;
			productName = SimpliSafe;
			productReference = 2BE183AC1971A5DA00EE9DD7 /* SimpliSafe.app */;
			productType = "com.apple.product-type.application";
		};
		2BE183CC1971A5DA00EE9DD7 /* SimpliSafeTests */ = {
			isa = PBXNativeTarget;
			buildConfigurationList = 2BE183E11971A5DA00EE9DD7 /* Build configuration list for PBXNativeTarget "SimpliSafeTests" */;
			buildPhases = (
				2BE183C91971A5DA00EE9DD7 /* Sources */,
				2BE183CA1971A5DA00EE9DD7 /* Frameworks */,
				2BE183CB1971A5DA00EE9DD7 /* Resources */,
			);
			buildRules = (
			);
			dependencies = (
				2BE183D31971A5DA00EE9DD7 /* PBXTargetDependency */,
			);
			name = SimpliSafeTests;
			productName = SimpliSafeTests;
			productReference = 2BE183CD1971A5DA00EE9DD7 /* SimpliSafeTests.xctest */;
			productType = "com.apple.product-type.bundle.unit-test";
		};
/* End PBXNativeTarget section */

/* Begin PBXProject section */
		2BE183A41971A5DA00EE9DD7 /* Project object */ = {
			isa = PBXProject;
			attributes = {
				LastUpgradeCheck = 0510;
				ORGANIZATIONNAME = "Newman Creative";
				TargetAttributes = {
					2BE183CC1971A5DA00EE9DD7 = {
						TestTargetID = 2BE183AB1971A5DA00EE9DD7;
					};
				};
			};
			buildConfigurationList = 2BE183A71971A5DA00EE9DD7 /* Build configuration list for PBXProject "EasySafe" */;
			compatibilityVersion = "Xcode 3.2";
			developmentRegion = English;
			hasScannedForEncodings = 0;
			knownRegions = (
				en,
				Base,
			);
			mainGroup = 2BE183A31971A5DA00EE9DD7;
			productRefGroup = 2BE183AD1971A5DA00EE9DD7 /* Products */;
			projectDirPath = "";
			projectRoot = "";
			targets = (
				2BE183AB1971A5DA00EE9DD7 /* SimpliSafe */,
				2BE183CC1971A5DA00EE9DD7 /* SimpliSafeTests */,
			);
		};
/* End PBXProject section */

/* Begin PBXResourcesBuildPhase section */
		2BE183AA1971A5DA00EE9DD7 /* Resources */ = {
			isa = PBXResourcesBuildPhase;
			buildActionMask = 2147483647;
			files = (
				2B2EB1FC1975A5C60093303D /* gasmask@2x.png in Resources */,
				2B2EB1FF1975D66D0093303D /* calendar@2x.png in Resources */,
				2B2EB1E4197592BE0093303D /* logout@2x.png in Resources */,
				2BD90DFA1974B9E900633FBE /* Default-568h@2x~iphone.png in Resources */,
				2BFAAAC81984188C0021DDB9 /* todo.txt in Resources */,
				2BD90DFB1974B9E900633FBE /* Default@2x~iphone.png in Resources */,
				2BE183C81971A5DA00EE9DD7 /* Images.xcassets in Resources */,
				2B2EB1FD1975A5C60093303D /* water@2x.png in Resources */,
				2B2EB1F71975A4750093303D /* temperature@2x.png in Resources */,
				2B2EB1F51975A3890093303D /* alarm@2x.png in Resources */,
				2B2EB1E8197597E40093303D /* btn_unlocked_gray@2x.png in Resources */,
				2BD90E171974E32000633FBE /* house_icon@2x.png in Resources */,
				2BD90E151974D50300633FBE /* location@2x.png in Resources */,
				2B2EB2081975E5F10093303D /* account@2x.png in Resources */,
				2B2EB1E7197597E40093303D /* btn_unlocked_blue@2x.png in Resources */,
				2BD90DF81974B9E900633FBE /* icon.png in Resources */,
				2BE183BA1971A5DA00EE9DD7 /* InfoPlist.strings in Resources */,
				2B2EB1EE19759D380093303D /* btn_away_gray@2x.png in Resources */,
				2B2EB1F019759D380093303D /* btn_home_gray@2x.png in Resources */,
				2B2EB1EF19759D380093303D /* btn_home_blue@2x.png in Resources */,
				2BD90E071974CEBE00633FBE /* Launch_640_960.png in Resources */,
				2BD90E081974CEBE00633FBE /* Launch_640_1136.png in Resources */,
				2BE183C31971A5DA00EE9DD7 /* Main.storyboard in Resources */,
				2BD90DF91974B9E900633FBE /* icon@2x.png in Resources */,
				2BD90E021974BADE00633FBE /* icon_58.png in Resources */,
				2B2EB1ED19759D380093303D /* btn_away_blue@2x.png in Resources */,
				2BD90DFC1974B9E900633FBE /* Default~iphone.png in Resources */,
				2BD90E041974BADE00633FBE /* icon_120.png in Resources */,
				2B2EB1FB1975A5C60093303D /* fire@2x.png in Resources */,
				2BD90E031974BADE00633FBE /* icon_80.png in Resources */,
			);
			runOnlyForDeploymentPostprocessing = 0;
		};
		2BE183CB1971A5DA00EE9DD7 /* Resources */ = {
			isa = PBXResourcesBuildPhase;
			buildActionMask = 2147483647;
			files = (
				2BE183D91971A5DA00EE9DD7 /* InfoPlist.strings in Resources */,
			);
			runOnlyForDeploymentPostprocessing = 0;
		};
/* End PBXResourcesBuildPhase section */

/* Begin PBXShellScriptBuildPhase section */
		803A2CAAEBE24924BE7686FA /* Copy Pods Resources */ = {
			isa = PBXShellScriptBuildPhase;
			buildActionMask = 2147483647;
			files = (
			);
			inputPaths = (
			);
			name = "Copy Pods Resources";
			outputPaths = (
			);
			runOnlyForDeploymentPostprocessing = 0;
			shellPath = /bin/sh;
			shellScript = "\"${SRCROOT}/Pods/Pods-resources.sh\"\n";
			showEnvVarsInLog = 0;
		};
		CE0A46C8EDC94C2581702C7F /* Check Pods Manifest.lock */ = {
			isa = PBXShellScriptBuildPhase;
			buildActionMask = 2147483647;
			files = (
			);
			inputPaths = (
			);
			name = "Check Pods Manifest.lock";
			outputPaths = (
			);
			runOnlyForDeploymentPostprocessing = 0;
			shellPath = /bin/sh;
			shellScript = "diff \"${PODS_ROOT}/../Podfile.lock\" \"${PODS_ROOT}/Manifest.lock\" > /dev/null\nif [[ $? != 0 ]] ; then\n    cat << EOM\nerror: The sandbox is not in sync with the Podfile.lock. Run 'pod install' or update your CocoaPods installation.\nEOM\n    exit 1\nfi\n";
			showEnvVarsInLog = 0;
		};
/* End PBXShellScriptBuildPhase section */

/* Begin PBXSourcesBuildPhase section */
		2BE183A81971A5DA00EE9DD7 /* Sources */ = {
			isa = PBXSourcesBuildPhase;
			buildActionMask = 2147483647;
			files = (
				2BE183C01971A5DA00EE9DD7 /* AppDelegate.m in Sources */,
				2B2EB2041975DD270093303D /* AccountViewController.m in Sources */,
				2B2EB20B197623050093303D /* SSDashboard.m in Sources */,
				2B2EB20E197623490093303D /* SSEvent.m in Sources */,
				2BC189E9197A2F1C0095999F /* MFMailComposeViewController+StatusBar.m in Sources */,
				2BE183EE19722EB700EE9DD7 /* SSUser.m in Sources */,
				2BE1840D1972F88000EE9DD7 /* SSUserManager.m in Sources */,
				2BE183BC1971A5DA00EE9DD7 /* main.m in Sources */,
				2BE183E81971A6BC00EE9DD7 /* SSAPIClient.m in Sources */,
				2BC189E6197A19730095999F /* EventsTableViewCell.m in Sources */,
				2BE183EB1971B4DD00EE9DD7 /* LoginViewController.m in Sources */,
				2BE184171974382000EE9DD7 /* LocationsListViewController.m in Sources */,
				2B2EB2121976CA410093303D /* AlarmButtonsView.m in Sources */,
				2BE184071972F5B700EE9DD7 /* EventsListViewController.m in Sources */,
				2BE183FB197240CB00EE9DD7 /* SSLocation.m in Sources */,
				2BE183F81972385800EE9DD7 /* DashboardViewController.m in Sources */,
			);
			runOnlyForDeploymentPostprocessing = 0;
		};
		2BE183C91971A5DA00EE9DD7 /* Sources */ = {
			isa = PBXSourcesBuildPhase;
			buildActionMask = 2147483647;
			files = (
				2BE183DB1971A5DA00EE9DD7 /* SimpliSafeTests.m in Sources */,
			);
			runOnlyForDeploymentPostprocessing = 0;
		};
/* End PBXSourcesBuildPhase section */

/* Begin PBXTargetDependency section */
		2BE183D31971A5DA00EE9DD7 /* PBXTargetDependency */ = {
			isa = PBXTargetDependency;
			target = 2BE183AB1971A5DA00EE9DD7 /* SimpliSafe */;
			targetProxy = 2BE183D21971A5DA00EE9DD7 /* PBXContainerItemProxy */;
		};
/* End PBXTargetDependency section */

/* Begin PBXVariantGroup section */
		2BE183B81971A5DA00EE9DD7 /* InfoPlist.strings */ = {
			isa = PBXVariantGroup;
			children = (
				2BE183B91971A5DA00EE9DD7 /* en */,
			);
			name = InfoPlist.strings;
			sourceTree = "<group>";
		};
		2BE183C11971A5DA00EE9DD7 /* Main.storyboard */ = {
			isa = PBXVariantGroup;
			children = (
				2BE183C21971A5DA00EE9DD7 /* Base */,
			);
			name = Main.storyboard;
			sourceTree = "<group>";
		};
		2BE183D71971A5DA00EE9DD7 /* InfoPlist.strings */ = {
			isa = PBXVariantGroup;
			children = (
				2BE183D81971A5DA00EE9DD7 /* en */,
			);
			name = InfoPlist.strings;
			sourceTree = "<group>";
		};
/* End PBXVariantGroup section */

/* Begin XCBuildConfiguration section */
		2BE183DC1971A5DA00EE9DD7 /* Debug */ = {
			isa = XCBuildConfiguration;
			buildSettings = {
				ALWAYS_SEARCH_USER_PATHS = NO;
				CLANG_CXX_LANGUAGE_STANDARD = "gnu++0x";
				CLANG_CXX_LIBRARY = "libc++";
				CLANG_ENABLE_MODULES = YES;
				CLANG_ENABLE_OBJC_ARC = YES;
				CLANG_WARN_BOOL_CONVERSION = YES;
				CLANG_WARN_CONSTANT_CONVERSION = YES;
				CLANG_WARN_DIRECT_OBJC_ISA_USAGE = YES_ERROR;
				CLANG_WARN_EMPTY_BODY = YES;
				CLANG_WARN_ENUM_CONVERSION = YES;
				CLANG_WARN_INT_CONVERSION = YES;
				CLANG_WARN_OBJC_ROOT_CLASS = YES_ERROR;
				CLANG_WARN__DUPLICATE_METHOD_MATCH = YES;
				"CODE_SIGN_IDENTITY[sdk=iphoneos*]" = "iPhone Developer";
				COPY_PHASE_STRIP = NO;
				GCC_C_LANGUAGE_STANDARD = gnu99;
				GCC_DYNAMIC_NO_PIC = NO;
				GCC_OPTIMIZATION_LEVEL = 0;
				GCC_PREPROCESSOR_DEFINITIONS = (
					"DEBUG=1",
					"$(inherited)",
				);
				GCC_SYMBOLS_PRIVATE_EXTERN = NO;
				GCC_WARN_64_TO_32_BIT_CONVERSION = YES;
				GCC_WARN_ABOUT_RETURN_TYPE = YES_ERROR;
				GCC_WARN_UNDECLARED_SELECTOR = YES;
				GCC_WARN_UNINITIALIZED_AUTOS = YES_AGGRESSIVE;
				GCC_WARN_UNUSED_FUNCTION = YES;
				GCC_WARN_UNUSED_VARIABLE = YES;
				IPHONEOS_DEPLOYMENT_TARGET = 7.1;
				ONLY_ACTIVE_ARCH = YES;
				SDKROOT = iphoneos;
			};
			name = Debug;
		};
		2BE183DD1971A5DA00EE9DD7 /* Release */ = {
			isa = XCBuildConfiguration;
			buildSettings = {
				ALWAYS_SEARCH_USER_PATHS = NO;
				CLANG_CXX_LANGUAGE_STANDARD = "gnu++0x";
				CLANG_CXX_LIBRARY = "libc++";
				CLANG_ENABLE_MODULES = YES;
				CLANG_ENABLE_OBJC_ARC = YES;
				CLANG_WARN_BOOL_CONVERSION = YES;
				CLANG_WARN_CONSTANT_CONVERSION = YES;
				CLANG_WARN_DIRECT_OBJC_ISA_USAGE = YES_ERROR;
				CLANG_WARN_EMPTY_BODY = YES;
				CLANG_WARN_ENUM_CONVERSION = YES;
				CLANG_WARN_INT_CONVERSION = YES;
				CLANG_WARN_OBJC_ROOT_CLASS = YES_ERROR;
				CLANG_WARN__DUPLICATE_METHOD_MATCH = YES;
				"CODE_SIGN_IDENTITY[sdk=iphoneos*]" = "iPhone Developer";
				COPY_PHASE_STRIP = YES;
				ENABLE_NS_ASSERTIONS = NO;
				GCC_C_LANGUAGE_STANDARD = gnu99;
				GCC_WARN_64_TO_32_BIT_CONVERSION = YES;
				GCC_WARN_ABOUT_RETURN_TYPE = YES_ERROR;
				GCC_WARN_UNDECLARED_SELECTOR = YES;
				GCC_WARN_UNINITIALIZED_AUTOS = YES_AGGRESSIVE;
				GCC_WARN_UNUSED_FUNCTION = YES;
				GCC_WARN_UNUSED_VARIABLE = YES;
				IPHONEOS_DEPLOYMENT_TARGET = 7.1;
				SDKROOT = iphoneos;
				VALIDATE_PRODUCT = YES;
			};
			name = Release;
		};
		2BE183DF1971A5DA00EE9DD7 /* Debug */ = {
			isa = XCBuildConfiguration;
			baseConfigurationReference = 720296DB9EC24455A4DB3064 /* Pods.xcconfig */;
			buildSettings = {
				ASSETCATALOG_COMPILER_APPICON_NAME = AppIcon;
				ASSETCATALOG_COMPILER_LAUNCHIMAGE_NAME = LaunchImage;
				GCC_PRECOMPILE_PREFIX_HEADER = YES;
				GCC_PREFIX_HEADER = "SimpliSafe/SimpliSafe-Prefix.pch";
				INFOPLIST_FILE = "SimpliSafe/SimpliSafe-Info.plist";
				PRODUCT_NAME = "$(TARGET_NAME)";
				WRAPPER_EXTENSION = app;
			};
			name = Debug;
		};
		2BE183E01971A5DA00EE9DD7 /* Release */ = {
			isa = XCBuildConfiguration;
			baseConfigurationReference = 720296DB9EC24455A4DB3064 /* Pods.xcconfig */;
			buildSettings = {
				ASSETCATALOG_COMPILER_APPICON_NAME = AppIcon;
				ASSETCATALOG_COMPILER_LAUNCHIMAGE_NAME = LaunchImage;
				GCC_PRECOMPILE_PREFIX_HEADER = YES;
				GCC_PREFIX_HEADER = "SimpliSafe/SimpliSafe-Prefix.pch";
				INFOPLIST_FILE = "SimpliSafe/SimpliSafe-Info.plist";
				PRODUCT_NAME = "$(TARGET_NAME)";
				WRAPPER_EXTENSION = app;
			};
			name = Release;
		};
		2BE183E21971A5DA00EE9DD7 /* Debug */ = {
			isa = XCBuildConfiguration;
			buildSettings = {
				BUNDLE_LOADER = "$(BUILT_PRODUCTS_DIR)/SimpliSafe.app/SimpliSafe";
				FRAMEWORK_SEARCH_PATHS = (
					"$(SDKROOT)/Developer/Library/Frameworks",
					"$(inherited)",
					"$(DEVELOPER_FRAMEWORKS_DIR)",
				);
				GCC_PRECOMPILE_PREFIX_HEADER = YES;
				GCC_PREFIX_HEADER = "SimpliSafe/SimpliSafe-Prefix.pch";
				GCC_PREPROCESSOR_DEFINITIONS = (
					"DEBUG=1",
					"$(inherited)",
				);
				INFOPLIST_FILE = "SimpliSafeTests/SimpliSafeTests-Info.plist";
				PRODUCT_NAME = "$(TARGET_NAME)";
				TEST_HOST = "$(BUNDLE_LOADER)";
				WRAPPER_EXTENSION = xctest;
			};
			name = Debug;
		};
		2BE183E31971A5DA00EE9DD7 /* Release */ = {
			isa = XCBuildConfiguration;
			buildSettings = {
				BUNDLE_LOADER = "$(BUILT_PRODUCTS_DIR)/SimpliSafe.app/SimpliSafe";
				FRAMEWORK_SEARCH_PATHS = (
					"$(SDKROOT)/Developer/Library/Frameworks",
					"$(inherited)",
					"$(DEVELOPER_FRAMEWORKS_DIR)",
				);
				GCC_PRECOMPILE_PREFIX_HEADER = YES;
				GCC_PREFIX_HEADER = "SimpliSafe/SimpliSafe-Prefix.pch";
				INFOPLIST_FILE = "SimpliSafeTests/SimpliSafeTests-Info.plist";
				PRODUCT_NAME = "$(TARGET_NAME)";
				TEST_HOST = "$(BUNDLE_LOADER)";
				WRAPPER_EXTENSION = xctest;
			};
			name = Release;
		};
/* End XCBuildConfiguration section */

/* Begin XCConfigurationList section */
		2BE183A71971A5DA00EE9DD7 /* Build configuration list for PBXProject "EasySafe" */ = {
			isa = XCConfigurationList;
			buildConfigurations = (
				2BE183DC1971A5DA00EE9DD7 /* Debug */,
				2BE183DD1971A5DA00EE9DD7 /* Release */,
			);
			defaultConfigurationIsVisible = 0;
			defaultConfigurationName = Release;
		};
		2BE183DE1971A5DA00EE9DD7 /* Build configuration list for PBXNativeTarget "SimpliSafe" */ = {
			isa = XCConfigurationList;
			buildConfigurations = (
				2BE183DF1971A5DA00EE9DD7 /* Debug */,
				2BE183E01971A5DA00EE9DD7 /* Release */,
			);
			defaultConfigurationIsVisible = 0;
			defaultConfigurationName = Release;
		};
		2BE183E11971A5DA00EE9DD7 /* Build configuration list for PBXNativeTarget "SimpliSafeTests" */ = {
			isa = XCConfigurationList;
			buildConfigurations = (
				2BE183E21971A5DA00EE9DD7 /* Debug */,
				2BE183E31971A5DA00EE9DD7 /* Release */,
			);
			defaultConfigurationIsVisible = 0;
			defaultConfigurationName = Release;
		};
/* End XCConfigurationList section */
	};
	rootObject = 2BE183A41971A5DA00EE9DD7 /* Project object */;
}
